
Microsoft Visual Studio Solution File, Format Version 12.00
# Visual Studio Version 16
VisualStudioVersion = 16.0.29613.14
MinimumVisualStudioVersion = 10.0.40219.1
Project("{FAE04EC0-301F-11D3-BF4B-00C04F79EFBC}") = "Enova.Business.Old", "Enova.Business\Enova.Business.Old.csproj", "{D433FEDB-C0E1-4280-A420-198EF74503E4}"
EndProject
Project("{FAE04EC0-301F-11D3-BF4B-00C04F79EFBC}") = "EnovaToolsExplorer", "EnovaToolsExplorer\EnovaToolsExplorer.csproj", "{8B955787-5864-4780-AE97-99FE51E1CE86}"
	ProjectSection(ProjectDependencies) = postProject
		{AE764200-CB59-4593-A98B-51CFABFFCF8D} = {AE764200-CB59-4593-A98B-51CFABFFCF8D}
		{576DF80D-48AD-4962-A9CD-3902238AE615} = {576DF80D-48AD-4962-A9CD-3902238AE615}
		{96F33D1A-F382-453A-B647-A2239C07168A} = {96F33D1A-F382-453A-B647-A2239C07168A}
		{2BCDD22E-6A64-4E1A-BC00-B41F5D9D4F32} = {2BCDD22E-6A64-4E1A-BC00-B41F5D9D4F32}
		{B89A0739-C2BC-4960-92E8-F0AE023AAD7F} = {B89A0739-C2BC-4960-92E8-F0AE023AAD7F}
		{B8F7A741-ECB5-4BC7-9903-D8038700087C} = {B8F7A741-ECB5-4BC7-9903-D8038700087C}
		{E5362565-3687-4094-89C1-BC28DDDBBDF3} = {E5362565-3687-4094-89C1-BC28DDDBBDF3}
		{F7E9636D-8F89-4946-B1DF-0B080A09D058} = {F7E9636D-8F89-4946-B1DF-0B080A09D058}
		{1D85756D-CD52-4E66-8535-4F3B59BC0183} = {1D85756D-CD52-4E66-8535-4F3B59BC0183}
		{2D2ACF7A-744B-4EE4-84A6-1F1DEFC016CE} = {2D2ACF7A-744B-4EE4-84A6-1F1DEFC016CE}
		{3A06F688-0E13-452A-923C-C0A3DFC5B200} = {3A06F688-0E13-452A-923C-C0A3DFC5B200}
		{3F7A828A-5829-489D-8C4F-610AD188426C} = {3F7A828A-5829-489D-8C4F-610AD188426C}
		{3950B48F-EB91-4B4B-B1FE-6E95570ADA9B} = {3950B48F-EB91-4B4B-B1FE-6E95570ADA9B}
		{6DA7B0A0-3B27-4B27-8FE6-57E0B668FB65} = {6DA7B0A0-3B27-4B27-8FE6-57E0B668FB65}
		{EC074DC9-2E25-4282-B483-15383EA7FC29} = {EC074DC9-2E25-4282-B483-15383EA7FC29}
		{98ED01DC-AE4F-4DC9-8A5D-2B540D605E71} = {98ED01DC-AE4F-4DC9-8A5D-2B540D605E71}
		{5E5FA7FE-C87A-47EC-A452-3D0DDE1D3539} = {5E5FA7FE-C87A-47EC-A452-3D0DDE1D3539}
	EndProjectSection
EndProject
Project("{FAE04EC0-301F-11D3-BF4B-00C04F79EFBC}") = "EnovaToolsPublish", "EnovaToolsPublish\EnovaToolsPublish.csproj", "{5E5FA7FE-C87A-47EC-A452-3D0DDE1D3539}"
EndProject
Project("{FAE04EC0-301F-11D3-BF4B-00C04F79EFBC}") = "EnovaToolsStart", "EnovaToolsStart\EnovaToolsStart.csproj", "{576DF80D-48AD-4962-A9CD-3902238AE615}"
EndProject
Project("{FAE04EC0-301F-11D3-BF4B-00C04F79EFBC}") = "AbakTools.Business", "AbakTools.Business\AbakTools.Business.csproj", "{5EC96917-4A7D-4116-B046-5014C054F259}"
EndProject
Project("{FAE04EC0-301F-11D3-BF4B-00C04F79EFBC}") = "AbakTools.Forms", "AbakTools.Forms\AbakTools.Forms.csproj", "{2BCDD22E-6A64-4E1A-BC00-B41F5D9D4F32}"
EndProject
Project("{FAE04EC0-301F-11D3-BF4B-00C04F79EFBC}") = "AbakTools.Handel", "AbakTools.Handel\AbakTools.Handel.csproj", "{EC074DC9-2E25-4282-B483-15383EA7FC29}"
EndProject
Project("{FAE04EC0-301F-11D3-BF4B-00C04F79EFBC}") = "AbakTools.Printer", "AbakTools.Printer\AbakTools.Printer.csproj", "{98ED01DC-AE4F-4DC9-8A5D-2B540D605E71}"
EndProject
Project("{FAE04EC0-301F-11D3-BF4B-00C04F79EFBC}") = "AbakTools.Business.Forms", "AbakTools.Business.Forms\AbakTools.Business.Forms.csproj", "{CA72DCC9-DCBC-480C-86D4-6B514521A4E8}"
EndProject
Project("{FAE04EC0-301F-11D3-BF4B-00C04F79EFBC}") = "AbakTools.Kadry.Forms", "AbakTools.Kadry.Forms\AbakTools.Kadry.Forms.csproj", "{1D85756D-CD52-4E66-8535-4F3B59BC0183}"
EndProject
Project("{FAE04EC0-301F-11D3-BF4B-00C04F79EFBC}") = "AbakTools.Ksiegowosc.Forms", "AbakTools.Ksiegowosc.Forms\AbakTools.Ksiegowosc.Forms.csproj", "{96F33D1A-F382-453A-B647-A2239C07168A}"
EndProject
Project("{FAE04EC0-301F-11D3-BF4B-00C04F79EFBC}") = "AbakTools.Finanse.Forms", "AbakTools.Finanse.Forms\AbakTools.Finanse.Forms.csproj", "{F7E9636D-8F89-4946-B1DF-0B080A09D058}"
EndProject
Project("{FAE04EC0-301F-11D3-BF4B-00C04F79EFBC}") = "Enova.Forms", "Enova.Forms\Enova.Forms.csproj", "{B8F7A741-ECB5-4BC7-9903-D8038700087C}"
EndProject
Project("{FAE04EC0-301F-11D3-BF4B-00C04F79EFBC}") = "AbakTools.Core", "AbakTools.Core\AbakTools.Core.csproj", "{3950B48F-EB91-4B4B-B1FE-6E95570ADA9B}"
EndProject
Project("{FAE04EC0-301F-11D3-BF4B-00C04F79EFBC}") = "AbakTools.CRM", "AbakTools.CRM\AbakTools.CRM.csproj", "{3F7A828A-5829-489D-8C4F-610AD188426C}"
EndProject
Project("{FAE04EC0-301F-11D3-BF4B-00C04F79EFBC}") = "AbakTools.Web", "AbakTools.Web\AbakTools.Web.csproj", "{B89A0739-C2BC-4960-92E8-F0AE023AAD7F}"
EndProject
Project("{FAE04EC0-301F-11D3-BF4B-00C04F79EFBC}") = "AbakTools.Core.Forms", "AbakTools.Core.Forms\AbakTools.Core.Forms.csproj", "{AE764200-CB59-4593-A98B-51CFABFFCF8D}"
EndProject
Project("{FAE04EC0-301F-11D3-BF4B-00C04F79EFBC}") = "AbakTools.SMS", "AbakTools.SMS\AbakTools.SMS.csproj", "{6DA7B0A0-3B27-4B27-8FE6-57E0B668FB65}"
EndProject
Project("{FAE04EC0-301F-11D3-BF4B-00C04F79EFBC}") = "Enova.API", "..\Libs\Enova.API\Enova.API\Enova.API.csproj", "{858D7FDD-5DBA-4EAE-A857-C3CFE2BA3496}"
EndProject
Project("{FAE04EC0-301F-11D3-BF4B-00C04F79EFBC}") = "AbakTools.Framework", "AbakTools.Framework\AbakTools.Framework.csproj", "{E356A448-002D-4E82-8238-F07153F8051E}"
EndProject
Project("{FAE04EC0-301F-11D3-BF4B-00C04F79EFBC}") = "AbakTools.Infrastructure", "AbakTools.Infrastructure\AbakTools.Infrastructure.csproj", "{7FE136E6-B74D-4DA2-B898-D375B5D8ABB4}"
EndProject
Project("{FAE04EC0-301F-11D3-BF4B-00C04F79EFBC}") = "AbakTools.Configuration", "AbakTools.Configuration\AbakTools.Configuration.csproj", "{9A403BDC-22B2-4D1D-A4B5-255D75E3002A}"
EndProject
Project("{FAE04EC0-301F-11D3-BF4B-00C04F79EFBC}") = "BAL.Business", "..\Libs\BAL\BAL.Business\BAL.Business.csproj", "{190505BD-83F7-4CC2-8D02-D07BCD5F05B9}"
EndProject
Project("{FAE04EC0-301F-11D3-BF4B-00C04F79EFBC}") = "BAL.Forms", "..\Libs\BAL\BAL.Forms\BAL.Forms.csproj", "{F0914654-3281-471F-8E2B-41C604E47142}"
EndProject
Project("{FAE04EC0-301F-11D3-BF4B-00C04F79EFBC}") = "AbakTools.Handel.Forms", "AbakTools.Handel.Forms\AbakTools.Handel.Forms.csproj", "{2D2ACF7A-744B-4EE4-84A6-1F1DEFC016CE}"
EndProject
Project("{FAE04EC0-301F-11D3-BF4B-00C04F79EFBC}") = "AbakTools.CRM.Forms", "AbakTools.CRM.Forms\AbakTools.CRM.Forms.csproj", "{E5362565-3687-4094-89C1-BC28DDDBBDF3}"
EndProject
Project("{FAE04EC0-301F-11D3-BF4B-00C04F79EFBC}") = "AbakTools.Analizy.Forms", "AbakTools.Analizy.Forms\AbakTools.Analizy.Forms.csproj", "{3A06F688-0E13-452A-923C-C0A3DFC5B200}"
EndProject
Project("{2150E333-8FDC-42A3-9474-1A3956D46DE8}") = "Libs", "Libs", "{C97C3B33-B85C-4D38-B347-4B464B51BEBB}"
EndProject
Project("{FAE04EC0-301F-11D3-BF4B-00C04F79EFBC}") = "AbakTools.EnovaApi", "AbakTools.Enova.Api\AbakTools.EnovaApi.csproj", "{F2AB3A27-FB6F-499F-8672-BF53F6314459}"
EndProject
Project("{9A19103F-16F7-4668-BE54-9A1E7A4F7556}") = "EnovaApi", "..\..\EnovaApiService\EnovaApi\EnovaApi.csproj", "{F24F2BB1-E719-492E-87AE-254BEDB9A313}"
EndProject
Global
	GlobalSection(SolutionConfigurationPlatforms) = preSolution
		Debug|Any CPU = Debug|Any CPU
		Debug|Mixed Platforms = Debug|Mixed Platforms
		Debug|x64 = Debug|x64
		Debug|x86 = Debug|x86
		Development|Any CPU = Development|Any CPU
		Development|Mixed Platforms = Development|Mixed Platforms
		Development|x64 = Development|x64
		Development|x86 = Development|x86
		EnovaApiTest|Any CPU = EnovaApiTest|Any CPU
		EnovaApiTest|Mixed Platforms = EnovaApiTest|Mixed Platforms
		EnovaApiTest|x64 = EnovaApiTest|x64
		EnovaApiTest|x86 = EnovaApiTest|x86
		Release|Any CPU = Release|Any CPU
		Release|Mixed Platforms = Release|Mixed Platforms
		Release|x64 = Release|x64
		Release|x86 = Release|x86
	EndGlobalSection
	GlobalSection(ProjectConfigurationPlatforms) = postSolution
		{D433FEDB-C0E1-4280-A420-198EF74503E4}.Debug|Any CPU.ActiveCfg = Debug|Any CPU
		{D433FEDB-C0E1-4280-A420-198EF74503E4}.Debug|Any CPU.Build.0 = Debug|Any CPU
		{D433FEDB-C0E1-4280-A420-198EF74503E4}.Debug|Mixed Platforms.ActiveCfg = Debug|Any CPU
		{D433FEDB-C0E1-4280-A420-198EF74503E4}.Debug|Mixed Platforms.Build.0 = Debug|Any CPU
		{D433FEDB-C0E1-4280-A420-198EF74503E4}.Debug|x64.ActiveCfg = Debug|x64
		{D433FEDB-C0E1-4280-A420-198EF74503E4}.Debug|x64.Build.0 = Debug|x64
		{D433FEDB-C0E1-4280-A420-198EF74503E4}.Debug|x86.ActiveCfg = Debug|Any CPU
		{D433FEDB-C0E1-4280-A420-198EF74503E4}.Development|Any CPU.ActiveCfg = Development|Any CPU
		{D433FEDB-C0E1-4280-A420-198EF74503E4}.Development|Any CPU.Build.0 = Development|Any CPU
		{D433FEDB-C0E1-4280-A420-198EF74503E4}.Development|Mixed Platforms.ActiveCfg = Development|Any CPU
		{D433FEDB-C0E1-4280-A420-198EF74503E4}.Development|Mixed Platforms.Build.0 = Development|Any CPU
		{D433FEDB-C0E1-4280-A420-198EF74503E4}.Development|x64.ActiveCfg = Development|x64
		{D433FEDB-C0E1-4280-A420-198EF74503E4}.Development|x64.Build.0 = Development|x64
		{D433FEDB-C0E1-4280-A420-198EF74503E4}.Development|x86.ActiveCfg = Development|Any CPU
		{D433FEDB-C0E1-4280-A420-198EF74503E4}.Development|x86.Build.0 = Development|Any CPU
		{D433FEDB-C0E1-4280-A420-198EF74503E4}.EnovaApiTest|Any CPU.ActiveCfg = EnovaApiTest|Any CPU
		{D433FEDB-C0E1-4280-A420-198EF74503E4}.EnovaApiTest|Mixed Platforms.ActiveCfg = EnovaApiTest|Any CPU
		{D433FEDB-C0E1-4280-A420-198EF74503E4}.EnovaApiTest|Mixed Platforms.Build.0 = EnovaApiTest|Any CPU
		{D433FEDB-C0E1-4280-A420-198EF74503E4}.EnovaApiTest|x64.ActiveCfg = EnovaApiTest|x64
		{D433FEDB-C0E1-4280-A420-198EF74503E4}.EnovaApiTest|x64.Build.0 = EnovaApiTest|x64
		{D433FEDB-C0E1-4280-A420-198EF74503E4}.EnovaApiTest|x86.ActiveCfg = EnovaApiTest|Any CPU
		{D433FEDB-C0E1-4280-A420-198EF74503E4}.Release|Any CPU.ActiveCfg = Release|Any CPU
		{D433FEDB-C0E1-4280-A420-198EF74503E4}.Release|Any CPU.Build.0 = Release|Any CPU
		{D433FEDB-C0E1-4280-A420-198EF74503E4}.Release|Mixed Platforms.ActiveCfg = Release|Any CPU
		{D433FEDB-C0E1-4280-A420-198EF74503E4}.Release|Mixed Platforms.Build.0 = Release|Any CPU
		{D433FEDB-C0E1-4280-A420-198EF74503E4}.Release|x64.ActiveCfg = Release|x64
		{D433FEDB-C0E1-4280-A420-198EF74503E4}.Release|x64.Build.0 = Release|x64
		{D433FEDB-C0E1-4280-A420-198EF74503E4}.Release|x86.ActiveCfg = Release|Any CPU
		{8B955787-5864-4780-AE97-99FE51E1CE86}.Debug|Any CPU.ActiveCfg = Debug|Any CPU
		{8B955787-5864-4780-AE97-99FE51E1CE86}.Debug|Any CPU.Build.0 = Debug|Any CPU
		{8B955787-5864-4780-AE97-99FE51E1CE86}.Debug|Mixed Platforms.ActiveCfg = Debug|Any CPU
		{8B955787-5864-4780-AE97-99FE51E1CE86}.Debug|Mixed Platforms.Build.0 = Debug|Any CPU
		{8B955787-5864-4780-AE97-99FE51E1CE86}.Debug|x64.ActiveCfg = Debug|x64
		{8B955787-5864-4780-AE97-99FE51E1CE86}.Debug|x64.Build.0 = Debug|x64
		{8B955787-5864-4780-AE97-99FE51E1CE86}.Debug|x86.ActiveCfg = Debug|Any CPU
		{8B955787-5864-4780-AE97-99FE51E1CE86}.Development|Any CPU.ActiveCfg = Development|Any CPU
		{8B955787-5864-4780-AE97-99FE51E1CE86}.Development|Any CPU.Build.0 = Development|Any CPU
		{8B955787-5864-4780-AE97-99FE51E1CE86}.Development|Mixed Platforms.ActiveCfg = Development|Any CPU
		{8B955787-5864-4780-AE97-99FE51E1CE86}.Development|Mixed Platforms.Build.0 = Development|Any CPU
		{8B955787-5864-4780-AE97-99FE51E1CE86}.Development|x64.ActiveCfg = Development|x64
		{8B955787-5864-4780-AE97-99FE51E1CE86}.Development|x64.Build.0 = Development|x64
		{8B955787-5864-4780-AE97-99FE51E1CE86}.Development|x86.ActiveCfg = Development|Any CPU
		{8B955787-5864-4780-AE97-99FE51E1CE86}.Development|x86.Build.0 = Development|Any CPU
		{8B955787-5864-4780-AE97-99FE51E1CE86}.EnovaApiTest|Any CPU.ActiveCfg = EnovaApiTest|Any CPU
		{8B955787-5864-4780-AE97-99FE51E1CE86}.EnovaApiTest|Mixed Platforms.ActiveCfg = EnovaApiTest|Any CPU
		{8B955787-5864-4780-AE97-99FE51E1CE86}.EnovaApiTest|Mixed Platforms.Build.0 = EnovaApiTest|Any CPU
		{8B955787-5864-4780-AE97-99FE51E1CE86}.EnovaApiTest|x64.ActiveCfg = EnovaApiTest|x64
		{8B955787-5864-4780-AE97-99FE51E1CE86}.EnovaApiTest|x64.Build.0 = EnovaApiTest|x64
		{8B955787-5864-4780-AE97-99FE51E1CE86}.EnovaApiTest|x86.ActiveCfg = EnovaApiTest|Any CPU
		{8B955787-5864-4780-AE97-99FE51E1CE86}.Release|Any CPU.ActiveCfg = Release|Any CPU
		{8B955787-5864-4780-AE97-99FE51E1CE86}.Release|Any CPU.Build.0 = Release|Any CPU
		{8B955787-5864-4780-AE97-99FE51E1CE86}.Release|Mixed Platforms.ActiveCfg = Release|Any CPU
		{8B955787-5864-4780-AE97-99FE51E1CE86}.Release|Mixed Platforms.Build.0 = Release|Any CPU
		{8B955787-5864-4780-AE97-99FE51E1CE86}.Release|x64.ActiveCfg = Release|x64
		{8B955787-5864-4780-AE97-99FE51E1CE86}.Release|x64.Build.0 = Release|x64
		{8B955787-5864-4780-AE97-99FE51E1CE86}.Release|x86.ActiveCfg = Release|Any CPU
		{5E5FA7FE-C87A-47EC-A452-3D0DDE1D3539}.Debug|Any CPU.ActiveCfg = Debug|Any CPU
		{5E5FA7FE-C87A-47EC-A452-3D0DDE1D3539}.Debug|Any CPU.Build.0 = Debug|Any CPU
		{5E5FA7FE-C87A-47EC-A452-3D0DDE1D3539}.Debug|Mixed Platforms.ActiveCfg = Debug|Any CPU
		{5E5FA7FE-C87A-47EC-A452-3D0DDE1D3539}.Debug|Mixed Platforms.Build.0 = Debug|Any CPU
		{5E5FA7FE-C87A-47EC-A452-3D0DDE1D3539}.Debug|x64.ActiveCfg = Debug|x64
		{5E5FA7FE-C87A-47EC-A452-3D0DDE1D3539}.Debug|x64.Build.0 = Debug|x64
		{5E5FA7FE-C87A-47EC-A452-3D0DDE1D3539}.Debug|x86.ActiveCfg = Debug|Any CPU
		{5E5FA7FE-C87A-47EC-A452-3D0DDE1D3539}.Development|Any CPU.ActiveCfg = Development|Any CPU
		{5E5FA7FE-C87A-47EC-A452-3D0DDE1D3539}.Development|Any CPU.Build.0 = Development|Any CPU
		{5E5FA7FE-C87A-47EC-A452-3D0DDE1D3539}.Development|Mixed Platforms.ActiveCfg = Development|Any CPU
		{5E5FA7FE-C87A-47EC-A452-3D0DDE1D3539}.Development|Mixed Platforms.Build.0 = Development|Any CPU
		{5E5FA7FE-C87A-47EC-A452-3D0DDE1D3539}.Development|x64.ActiveCfg = Development|x64
		{5E5FA7FE-C87A-47EC-A452-3D0DDE1D3539}.Development|x64.Build.0 = Development|x64
		{5E5FA7FE-C87A-47EC-A452-3D0DDE1D3539}.Development|x86.ActiveCfg = Development|Any CPU
		{5E5FA7FE-C87A-47EC-A452-3D0DDE1D3539}.Development|x86.Build.0 = Development|Any CPU
		{5E5FA7FE-C87A-47EC-A452-3D0DDE1D3539}.EnovaApiTest|Any CPU.ActiveCfg = EnovaApiTest|Any CPU
		{5E5FA7FE-C87A-47EC-A452-3D0DDE1D3539}.EnovaApiTest|Mixed Platforms.ActiveCfg = EnovaApiTest|Any CPU
		{5E5FA7FE-C87A-47EC-A452-3D0DDE1D3539}.EnovaApiTest|Mixed Platforms.Build.0 = EnovaApiTest|Any CPU
		{5E5FA7FE-C87A-47EC-A452-3D0DDE1D3539}.EnovaApiTest|x64.ActiveCfg = EnovaApiTest|x64
		{5E5FA7FE-C87A-47EC-A452-3D0DDE1D3539}.EnovaApiTest|x64.Build.0 = EnovaApiTest|x64
		{5E5FA7FE-C87A-47EC-A452-3D0DDE1D3539}.EnovaApiTest|x86.ActiveCfg = EnovaApiTest|Any CPU
		{5E5FA7FE-C87A-47EC-A452-3D0DDE1D3539}.Release|Any CPU.ActiveCfg = Release|Any CPU
		{5E5FA7FE-C87A-47EC-A452-3D0DDE1D3539}.Release|Any CPU.Build.0 = Release|Any CPU
		{5E5FA7FE-C87A-47EC-A452-3D0DDE1D3539}.Release|Mixed Platforms.ActiveCfg = Release|Any CPU
		{5E5FA7FE-C87A-47EC-A452-3D0DDE1D3539}.Release|Mixed Platforms.Build.0 = Release|Any CPU
		{5E5FA7FE-C87A-47EC-A452-3D0DDE1D3539}.Release|x64.ActiveCfg = Release|x64
		{5E5FA7FE-C87A-47EC-A452-3D0DDE1D3539}.Release|x64.Build.0 = Release|x64
		{5E5FA7FE-C87A-47EC-A452-3D0DDE1D3539}.Release|x86.ActiveCfg = Release|Any CPU
		{576DF80D-48AD-4962-A9CD-3902238AE615}.Debug|Any CPU.ActiveCfg = Debug|Any CPU
		{576DF80D-48AD-4962-A9CD-3902238AE615}.Debug|Any CPU.Build.0 = Debug|Any CPU
		{576DF80D-48AD-4962-A9CD-3902238AE615}.Debug|Mixed Platforms.ActiveCfg = Debug|Any CPU
		{576DF80D-48AD-4962-A9CD-3902238AE615}.Debug|Mixed Platforms.Build.0 = Debug|Any CPU
		{576DF80D-48AD-4962-A9CD-3902238AE615}.Debug|x64.ActiveCfg = Debug|x64
		{576DF80D-48AD-4962-A9CD-3902238AE615}.Debug|x64.Build.0 = Debug|x64
		{576DF80D-48AD-4962-A9CD-3902238AE615}.Debug|x86.ActiveCfg = Debug|Any CPU
		{576DF80D-48AD-4962-A9CD-3902238AE615}.Development|Any CPU.ActiveCfg = Development|Any CPU
		{576DF80D-48AD-4962-A9CD-3902238AE615}.Development|Any CPU.Build.0 = Development|Any CPU
		{576DF80D-48AD-4962-A9CD-3902238AE615}.Development|Mixed Platforms.ActiveCfg = Development|Any CPU
		{576DF80D-48AD-4962-A9CD-3902238AE615}.Development|Mixed Platforms.Build.0 = Development|Any CPU
		{576DF80D-48AD-4962-A9CD-3902238AE615}.Development|x64.ActiveCfg = Development|x64
		{576DF80D-48AD-4962-A9CD-3902238AE615}.Development|x64.Build.0 = Development|x64
		{576DF80D-48AD-4962-A9CD-3902238AE615}.Development|x86.ActiveCfg = Development|Any CPU
		{576DF80D-48AD-4962-A9CD-3902238AE615}.Development|x86.Build.0 = Development|Any CPU
		{576DF80D-48AD-4962-A9CD-3902238AE615}.EnovaApiTest|Any CPU.ActiveCfg = EnovaApiTest|Any CPU
		{576DF80D-48AD-4962-A9CD-3902238AE615}.EnovaApiTest|Mixed Platforms.ActiveCfg = EnovaApiTest|Any CPU
		{576DF80D-48AD-4962-A9CD-3902238AE615}.EnovaApiTest|Mixed Platforms.Build.0 = EnovaApiTest|Any CPU
		{576DF80D-48AD-4962-A9CD-3902238AE615}.EnovaApiTest|x64.ActiveCfg = EnovaApiTest|x64
		{576DF80D-48AD-4962-A9CD-3902238AE615}.EnovaApiTest|x64.Build.0 = EnovaApiTest|x64
		{576DF80D-48AD-4962-A9CD-3902238AE615}.EnovaApiTest|x86.ActiveCfg = EnovaApiTest|Any CPU
		{576DF80D-48AD-4962-A9CD-3902238AE615}.Release|Any CPU.ActiveCfg = Release|Any CPU
		{576DF80D-48AD-4962-A9CD-3902238AE615}.Release|Any CPU.Build.0 = Release|Any CPU
		{576DF80D-48AD-4962-A9CD-3902238AE615}.Release|Mixed Platforms.ActiveCfg = Release|Any CPU
		{576DF80D-48AD-4962-A9CD-3902238AE615}.Release|Mixed Platforms.Build.0 = Release|Any CPU
		{576DF80D-48AD-4962-A9CD-3902238AE615}.Release|x64.ActiveCfg = Release|x64
		{576DF80D-48AD-4962-A9CD-3902238AE615}.Release|x64.Build.0 = Release|x64
		{576DF80D-48AD-4962-A9CD-3902238AE615}.Release|x86.ActiveCfg = Release|Any CPU
		{5EC96917-4A7D-4116-B046-5014C054F259}.Debug|Any CPU.ActiveCfg = Debug|Any CPU
		{5EC96917-4A7D-4116-B046-5014C054F259}.Debug|Any CPU.Build.0 = Debug|Any CPU
		{5EC96917-4A7D-4116-B046-5014C054F259}.Debug|Mixed Platforms.ActiveCfg = Debug|Any CPU
		{5EC96917-4A7D-4116-B046-5014C054F259}.Debug|Mixed Platforms.Build.0 = Debug|Any CPU
		{5EC96917-4A7D-4116-B046-5014C054F259}.Debug|x64.ActiveCfg = Debug|x64
		{5EC96917-4A7D-4116-B046-5014C054F259}.Debug|x64.Build.0 = Debug|x64
		{5EC96917-4A7D-4116-B046-5014C054F259}.Debug|x86.ActiveCfg = Debug|Any CPU
		{5EC96917-4A7D-4116-B046-5014C054F259}.Development|Any CPU.ActiveCfg = Development|Any CPU
		{5EC96917-4A7D-4116-B046-5014C054F259}.Development|Any CPU.Build.0 = Development|Any CPU
		{5EC96917-4A7D-4116-B046-5014C054F259}.Development|Mixed Platforms.ActiveCfg = Development|Any CPU
		{5EC96917-4A7D-4116-B046-5014C054F259}.Development|Mixed Platforms.Build.0 = Development|Any CPU
		{5EC96917-4A7D-4116-B046-5014C054F259}.Development|x64.ActiveCfg = Development|x64
		{5EC96917-4A7D-4116-B046-5014C054F259}.Development|x64.Build.0 = Development|x64
		{5EC96917-4A7D-4116-B046-5014C054F259}.Development|x86.ActiveCfg = Development|Any CPU
		{5EC96917-4A7D-4116-B046-5014C054F259}.Development|x86.Build.0 = Development|Any CPU
		{5EC96917-4A7D-4116-B046-5014C054F259}.EnovaApiTest|Any CPU.ActiveCfg = EnovaApiTest|Any CPU
		{5EC96917-4A7D-4116-B046-5014C054F259}.EnovaApiTest|Mixed Platforms.ActiveCfg = EnovaApiTest|Any CPU
		{5EC96917-4A7D-4116-B046-5014C054F259}.EnovaApiTest|Mixed Platforms.Build.0 = EnovaApiTest|Any CPU
		{5EC96917-4A7D-4116-B046-5014C054F259}.EnovaApiTest|x64.ActiveCfg = EnovaApiTest|x64
		{5EC96917-4A7D-4116-B046-5014C054F259}.EnovaApiTest|x64.Build.0 = EnovaApiTest|x64
		{5EC96917-4A7D-4116-B046-5014C054F259}.EnovaApiTest|x86.ActiveCfg = EnovaApiTest|Any CPU
		{5EC96917-4A7D-4116-B046-5014C054F259}.Release|Any CPU.ActiveCfg = Release|Any CPU
		{5EC96917-4A7D-4116-B046-5014C054F259}.Release|Any CPU.Build.0 = Release|Any CPU
		{5EC96917-4A7D-4116-B046-5014C054F259}.Release|Mixed Platforms.ActiveCfg = Release|Any CPU
		{5EC96917-4A7D-4116-B046-5014C054F259}.Release|Mixed Platforms.Build.0 = Release|Any CPU
		{5EC96917-4A7D-4116-B046-5014C054F259}.Release|x64.ActiveCfg = Release|x64
		{5EC96917-4A7D-4116-B046-5014C054F259}.Release|x64.Build.0 = Release|x64
		{5EC96917-4A7D-4116-B046-5014C054F259}.Release|x86.ActiveCfg = Release|Any CPU
		{2BCDD22E-6A64-4E1A-BC00-B41F5D9D4F32}.Debug|Any CPU.ActiveCfg = Debug|Any CPU
		{2BCDD22E-6A64-4E1A-BC00-B41F5D9D4F32}.Debug|Any CPU.Build.0 = Debug|Any CPU
		{2BCDD22E-6A64-4E1A-BC00-B41F5D9D4F32}.Debug|Mixed Platforms.ActiveCfg = Debug|Any CPU
		{2BCDD22E-6A64-4E1A-BC00-B41F5D9D4F32}.Debug|Mixed Platforms.Build.0 = Debug|Any CPU
		{2BCDD22E-6A64-4E1A-BC00-B41F5D9D4F32}.Debug|x64.ActiveCfg = Debug|x64
		{2BCDD22E-6A64-4E1A-BC00-B41F5D9D4F32}.Debug|x64.Build.0 = Debug|x64
		{2BCDD22E-6A64-4E1A-BC00-B41F5D9D4F32}.Debug|x86.ActiveCfg = Debug|Any CPU
		{2BCDD22E-6A64-4E1A-BC00-B41F5D9D4F32}.Development|Any CPU.ActiveCfg = Development|Any CPU
		{2BCDD22E-6A64-4E1A-BC00-B41F5D9D4F32}.Development|Any CPU.Build.0 = Development|Any CPU
		{2BCDD22E-6A64-4E1A-BC00-B41F5D9D4F32}.Development|Mixed Platforms.ActiveCfg = Development|Any CPU
		{2BCDD22E-6A64-4E1A-BC00-B41F5D9D4F32}.Development|Mixed Platforms.Build.0 = Development|Any CPU
		{2BCDD22E-6A64-4E1A-BC00-B41F5D9D4F32}.Development|x64.ActiveCfg = Development|x64
		{2BCDD22E-6A64-4E1A-BC00-B41F5D9D4F32}.Development|x64.Build.0 = Development|x64
		{2BCDD22E-6A64-4E1A-BC00-B41F5D9D4F32}.Development|x86.ActiveCfg = Development|Any CPU
		{2BCDD22E-6A64-4E1A-BC00-B41F5D9D4F32}.Development|x86.Build.0 = Development|Any CPU
		{2BCDD22E-6A64-4E1A-BC00-B41F5D9D4F32}.EnovaApiTest|Any CPU.ActiveCfg = EnovaApiTest|Any CPU
		{2BCDD22E-6A64-4E1A-BC00-B41F5D9D4F32}.EnovaApiTest|Mixed Platforms.ActiveCfg = EnovaApiTest|Any CPU
		{2BCDD22E-6A64-4E1A-BC00-B41F5D9D4F32}.EnovaApiTest|Mixed Platforms.Build.0 = EnovaApiTest|Any CPU
		{2BCDD22E-6A64-4E1A-BC00-B41F5D9D4F32}.EnovaApiTest|x64.ActiveCfg = EnovaApiTest|x64
		{2BCDD22E-6A64-4E1A-BC00-B41F5D9D4F32}.EnovaApiTest|x64.Build.0 = EnovaApiTest|x64
		{2BCDD22E-6A64-4E1A-BC00-B41F5D9D4F32}.EnovaApiTest|x86.ActiveCfg = EnovaApiTest|Any CPU
		{2BCDD22E-6A64-4E1A-BC00-B41F5D9D4F32}.Release|Any CPU.ActiveCfg = Release|Any CPU
		{2BCDD22E-6A64-4E1A-BC00-B41F5D9D4F32}.Release|Any CPU.Build.0 = Release|Any CPU
		{2BCDD22E-6A64-4E1A-BC00-B41F5D9D4F32}.Release|Mixed Platforms.ActiveCfg = Release|Any CPU
		{2BCDD22E-6A64-4E1A-BC00-B41F5D9D4F32}.Release|Mixed Platforms.Build.0 = Release|Any CPU
		{2BCDD22E-6A64-4E1A-BC00-B41F5D9D4F32}.Release|x64.ActiveCfg = Release|x64
		{2BCDD22E-6A64-4E1A-BC00-B41F5D9D4F32}.Release|x64.Build.0 = Release|x64
		{2BCDD22E-6A64-4E1A-BC00-B41F5D9D4F32}.Release|x86.ActiveCfg = Release|Any CPU
		{EC074DC9-2E25-4282-B483-15383EA7FC29}.Debug|Any CPU.ActiveCfg = Debug|Any CPU
		{EC074DC9-2E25-4282-B483-15383EA7FC29}.Debug|Any CPU.Build.0 = Debug|Any CPU
		{EC074DC9-2E25-4282-B483-15383EA7FC29}.Debug|Mixed Platforms.ActiveCfg = Debug|Any CPU
		{EC074DC9-2E25-4282-B483-15383EA7FC29}.Debug|Mixed Platforms.Build.0 = Debug|Any CPU
		{EC074DC9-2E25-4282-B483-15383EA7FC29}.Debug|x64.ActiveCfg = Debug|x64
		{EC074DC9-2E25-4282-B483-15383EA7FC29}.Debug|x64.Build.0 = Debug|x64
		{EC074DC9-2E25-4282-B483-15383EA7FC29}.Debug|x86.ActiveCfg = Debug|Any CPU
		{EC074DC9-2E25-4282-B483-15383EA7FC29}.Development|Any CPU.ActiveCfg = Development|Any CPU
		{EC074DC9-2E25-4282-B483-15383EA7FC29}.Development|Any CPU.Build.0 = Development|Any CPU
		{EC074DC9-2E25-4282-B483-15383EA7FC29}.Development|Mixed Platforms.ActiveCfg = Development|Any CPU
		{EC074DC9-2E25-4282-B483-15383EA7FC29}.Development|Mixed Platforms.Build.0 = Development|Any CPU
		{EC074DC9-2E25-4282-B483-15383EA7FC29}.Development|x64.ActiveCfg = Development|x64
		{EC074DC9-2E25-4282-B483-15383EA7FC29}.Development|x64.Build.0 = Development|x64
		{EC074DC9-2E25-4282-B483-15383EA7FC29}.Development|x86.ActiveCfg = Development|Any CPU
		{EC074DC9-2E25-4282-B483-15383EA7FC29}.Development|x86.Build.0 = Development|Any CPU
		{EC074DC9-2E25-4282-B483-15383EA7FC29}.EnovaApiTest|Any CPU.ActiveCfg = EnovaApiTest|Any CPU
		{EC074DC9-2E25-4282-B483-15383EA7FC29}.EnovaApiTest|Mixed Platforms.ActiveCfg = EnovaApiTest|Any CPU
		{EC074DC9-2E25-4282-B483-15383EA7FC29}.EnovaApiTest|Mixed Platforms.Build.0 = EnovaApiTest|Any CPU
		{EC074DC9-2E25-4282-B483-15383EA7FC29}.EnovaApiTest|x64.ActiveCfg = EnovaApiTest|x64
		{EC074DC9-2E25-4282-B483-15383EA7FC29}.EnovaApiTest|x64.Build.0 = EnovaApiTest|x64
		{EC074DC9-2E25-4282-B483-15383EA7FC29}.EnovaApiTest|x86.ActiveCfg = EnovaApiTest|Any CPU
		{EC074DC9-2E25-4282-B483-15383EA7FC29}.Release|Any CPU.ActiveCfg = Release|Any CPU
		{EC074DC9-2E25-4282-B483-15383EA7FC29}.Release|Any CPU.Build.0 = Release|Any CPU
		{EC074DC9-2E25-4282-B483-15383EA7FC29}.Release|Mixed Platforms.ActiveCfg = Release|Any CPU
		{EC074DC9-2E25-4282-B483-15383EA7FC29}.Release|Mixed Platforms.Build.0 = Release|Any CPU
		{EC074DC9-2E25-4282-B483-15383EA7FC29}.Release|x64.ActiveCfg = Release|x64
		{EC074DC9-2E25-4282-B483-15383EA7FC29}.Release|x64.Build.0 = Release|x64
		{EC074DC9-2E25-4282-B483-15383EA7FC29}.Release|x86.ActiveCfg = Release|Any CPU
		{98ED01DC-AE4F-4DC9-8A5D-2B540D605E71}.Debug|Any CPU.ActiveCfg = Debug|Any CPU
		{98ED01DC-AE4F-4DC9-8A5D-2B540D605E71}.Debug|Any CPU.Build.0 = Debug|Any CPU
		{98ED01DC-AE4F-4DC9-8A5D-2B540D605E71}.Debug|Mixed Platforms.ActiveCfg = Debug|Any CPU
		{98ED01DC-AE4F-4DC9-8A5D-2B540D605E71}.Debug|Mixed Platforms.Build.0 = Debug|Any CPU
		{98ED01DC-AE4F-4DC9-8A5D-2B540D605E71}.Debug|x64.ActiveCfg = Debug|x64
		{98ED01DC-AE4F-4DC9-8A5D-2B540D605E71}.Debug|x64.Build.0 = Debug|x64
		{98ED01DC-AE4F-4DC9-8A5D-2B540D605E71}.Debug|x86.ActiveCfg = Debug|Any CPU
		{98ED01DC-AE4F-4DC9-8A5D-2B540D605E71}.Development|Any CPU.ActiveCfg = Development|Any CPU
		{98ED01DC-AE4F-4DC9-8A5D-2B540D605E71}.Development|Any CPU.Build.0 = Development|Any CPU
		{98ED01DC-AE4F-4DC9-8A5D-2B540D605E71}.Development|Mixed Platforms.ActiveCfg = Development|Any CPU
		{98ED01DC-AE4F-4DC9-8A5D-2B540D605E71}.Development|Mixed Platforms.Build.0 = Development|Any CPU
		{98ED01DC-AE4F-4DC9-8A5D-2B540D605E71}.Development|x64.ActiveCfg = Development|x64
		{98ED01DC-AE4F-4DC9-8A5D-2B540D605E71}.Development|x64.Build.0 = Development|x64
		{98ED01DC-AE4F-4DC9-8A5D-2B540D605E71}.Development|x86.ActiveCfg = Development|Any CPU
		{98ED01DC-AE4F-4DC9-8A5D-2B540D605E71}.Development|x86.Build.0 = Development|Any CPU
		{98ED01DC-AE4F-4DC9-8A5D-2B540D605E71}.EnovaApiTest|Any CPU.ActiveCfg = EnovaApiTest|Any CPU
		{98ED01DC-AE4F-4DC9-8A5D-2B540D605E71}.EnovaApiTest|Mixed Platforms.ActiveCfg = EnovaApiTest|Any CPU
		{98ED01DC-AE4F-4DC9-8A5D-2B540D605E71}.EnovaApiTest|Mixed Platforms.Build.0 = EnovaApiTest|Any CPU
		{98ED01DC-AE4F-4DC9-8A5D-2B540D605E71}.EnovaApiTest|x64.ActiveCfg = EnovaApiTest|x64
		{98ED01DC-AE4F-4DC9-8A5D-2B540D605E71}.EnovaApiTest|x64.Build.0 = EnovaApiTest|x64
		{98ED01DC-AE4F-4DC9-8A5D-2B540D605E71}.EnovaApiTest|x86.ActiveCfg = EnovaApiTest|Any CPU
		{98ED01DC-AE4F-4DC9-8A5D-2B540D605E71}.Release|Any CPU.ActiveCfg = Release|Any CPU
		{98ED01DC-AE4F-4DC9-8A5D-2B540D605E71}.Release|Any CPU.Build.0 = Release|Any CPU
		{98ED01DC-AE4F-4DC9-8A5D-2B540D605E71}.Release|Mixed Platforms.ActiveCfg = Release|Any CPU
		{98ED01DC-AE4F-4DC9-8A5D-2B540D605E71}.Release|Mixed Platforms.Build.0 = Release|Any CPU
		{98ED01DC-AE4F-4DC9-8A5D-2B540D605E71}.Release|x64.ActiveCfg = Release|x64
		{98ED01DC-AE4F-4DC9-8A5D-2B540D605E71}.Release|x64.Build.0 = Release|x64
		{98ED01DC-AE4F-4DC9-8A5D-2B540D605E71}.Release|x86.ActiveCfg = Release|Any CPU
		{CA72DCC9-DCBC-480C-86D4-6B514521A4E8}.Debug|Any CPU.ActiveCfg = Debug|Any CPU
		{CA72DCC9-DCBC-480C-86D4-6B514521A4E8}.Debug|Any CPU.Build.0 = Debug|Any CPU
		{CA72DCC9-DCBC-480C-86D4-6B514521A4E8}.Debug|Mixed Platforms.ActiveCfg = Debug|Any CPU
		{CA72DCC9-DCBC-480C-86D4-6B514521A4E8}.Debug|Mixed Platforms.Build.0 = Debug|Any CPU
		{CA72DCC9-DCBC-480C-86D4-6B514521A4E8}.Debug|x64.ActiveCfg = Debug|x64
		{CA72DCC9-DCBC-480C-86D4-6B514521A4E8}.Debug|x64.Build.0 = Debug|x64
		{CA72DCC9-DCBC-480C-86D4-6B514521A4E8}.Debug|x86.ActiveCfg = Debug|Any CPU
		{CA72DCC9-DCBC-480C-86D4-6B514521A4E8}.Development|Any CPU.ActiveCfg = Development|Any CPU
		{CA72DCC9-DCBC-480C-86D4-6B514521A4E8}.Development|Any CPU.Build.0 = Development|Any CPU
		{CA72DCC9-DCBC-480C-86D4-6B514521A4E8}.Development|Mixed Platforms.ActiveCfg = Development|Any CPU
		{CA72DCC9-DCBC-480C-86D4-6B514521A4E8}.Development|Mixed Platforms.Build.0 = Development|Any CPU
		{CA72DCC9-DCBC-480C-86D4-6B514521A4E8}.Development|x64.ActiveCfg = Development|x64
		{CA72DCC9-DCBC-480C-86D4-6B514521A4E8}.Development|x64.Build.0 = Development|x64
		{CA72DCC9-DCBC-480C-86D4-6B514521A4E8}.Development|x86.ActiveCfg = Development|Any CPU
		{CA72DCC9-DCBC-480C-86D4-6B514521A4E8}.Development|x86.Build.0 = Development|Any CPU
		{CA72DCC9-DCBC-480C-86D4-6B514521A4E8}.EnovaApiTest|Any CPU.ActiveCfg = EnovaApiTest|Any CPU
		{CA72DCC9-DCBC-480C-86D4-6B514521A4E8}.EnovaApiTest|Mixed Platforms.ActiveCfg = EnovaApiTest|Any CPU
		{CA72DCC9-DCBC-480C-86D4-6B514521A4E8}.EnovaApiTest|Mixed Platforms.Build.0 = EnovaApiTest|Any CPU
		{CA72DCC9-DCBC-480C-86D4-6B514521A4E8}.EnovaApiTest|x64.ActiveCfg = EnovaApiTest|x64
		{CA72DCC9-DCBC-480C-86D4-6B514521A4E8}.EnovaApiTest|x64.Build.0 = EnovaApiTest|x64
		{CA72DCC9-DCBC-480C-86D4-6B514521A4E8}.EnovaApiTest|x86.ActiveCfg = EnovaApiTest|Any CPU
		{CA72DCC9-DCBC-480C-86D4-6B514521A4E8}.Release|Any CPU.ActiveCfg = Release|Any CPU
		{CA72DCC9-DCBC-480C-86D4-6B514521A4E8}.Release|Any CPU.Build.0 = Release|Any CPU
		{CA72DCC9-DCBC-480C-86D4-6B514521A4E8}.Release|Mixed Platforms.ActiveCfg = Release|Any CPU
		{CA72DCC9-DCBC-480C-86D4-6B514521A4E8}.Release|Mixed Platforms.Build.0 = Release|Any CPU
		{CA72DCC9-DCBC-480C-86D4-6B514521A4E8}.Release|x64.ActiveCfg = Release|x64
		{CA72DCC9-DCBC-480C-86D4-6B514521A4E8}.Release|x64.Build.0 = Release|x64
		{CA72DCC9-DCBC-480C-86D4-6B514521A4E8}.Release|x86.ActiveCfg = Release|Any CPU
		{1D85756D-CD52-4E66-8535-4F3B59BC0183}.Debug|Any CPU.ActiveCfg = Debug|Any CPU
		{1D85756D-CD52-4E66-8535-4F3B59BC0183}.Debug|Any CPU.Build.0 = Debug|Any CPU
		{1D85756D-CD52-4E66-8535-4F3B59BC0183}.Debug|Mixed Platforms.ActiveCfg = Debug|Any CPU
		{1D85756D-CD52-4E66-8535-4F3B59BC0183}.Debug|Mixed Platforms.Build.0 = Debug|Any CPU
		{1D85756D-CD52-4E66-8535-4F3B59BC0183}.Debug|x64.ActiveCfg = Debug|x64
		{1D85756D-CD52-4E66-8535-4F3B59BC0183}.Debug|x64.Build.0 = Debug|x64
		{1D85756D-CD52-4E66-8535-4F3B59BC0183}.Debug|x86.ActiveCfg = Debug|Any CPU
		{1D85756D-CD52-4E66-8535-4F3B59BC0183}.Development|Any CPU.ActiveCfg = Development|Any CPU
		{1D85756D-CD52-4E66-8535-4F3B59BC0183}.Development|Any CPU.Build.0 = Development|Any CPU
		{1D85756D-CD52-4E66-8535-4F3B59BC0183}.Development|Mixed Platforms.ActiveCfg = Development|Any CPU
		{1D85756D-CD52-4E66-8535-4F3B59BC0183}.Development|Mixed Platforms.Build.0 = Development|Any CPU
		{1D85756D-CD52-4E66-8535-4F3B59BC0183}.Development|x64.ActiveCfg = Development|x64
		{1D85756D-CD52-4E66-8535-4F3B59BC0183}.Development|x64.Build.0 = Development|x64
		{1D85756D-CD52-4E66-8535-4F3B59BC0183}.Development|x86.ActiveCfg = Development|Any CPU
		{1D85756D-CD52-4E66-8535-4F3B59BC0183}.Development|x86.Build.0 = Development|Any CPU
		{1D85756D-CD52-4E66-8535-4F3B59BC0183}.EnovaApiTest|Any CPU.ActiveCfg = EnovaApiTest|Any CPU
		{1D85756D-CD52-4E66-8535-4F3B59BC0183}.EnovaApiTest|Mixed Platforms.ActiveCfg = EnovaApiTest|Any CPU
		{1D85756D-CD52-4E66-8535-4F3B59BC0183}.EnovaApiTest|Mixed Platforms.Build.0 = EnovaApiTest|Any CPU
		{1D85756D-CD52-4E66-8535-4F3B59BC0183}.EnovaApiTest|x64.ActiveCfg = EnovaApiTest|x64
		{1D85756D-CD52-4E66-8535-4F3B59BC0183}.EnovaApiTest|x64.Build.0 = EnovaApiTest|x64
		{1D85756D-CD52-4E66-8535-4F3B59BC0183}.EnovaApiTest|x86.ActiveCfg = EnovaApiTest|Any CPU
		{1D85756D-CD52-4E66-8535-4F3B59BC0183}.Release|Any CPU.ActiveCfg = Release|Any CPU
		{1D85756D-CD52-4E66-8535-4F3B59BC0183}.Release|Any CPU.Build.0 = Release|Any CPU
		{1D85756D-CD52-4E66-8535-4F3B59BC0183}.Release|Mixed Platforms.ActiveCfg = Release|Any CPU
		{1D85756D-CD52-4E66-8535-4F3B59BC0183}.Release|Mixed Platforms.Build.0 = Release|Any CPU
		{1D85756D-CD52-4E66-8535-4F3B59BC0183}.Release|x64.ActiveCfg = Release|x64
		{1D85756D-CD52-4E66-8535-4F3B59BC0183}.Release|x64.Build.0 = Release|x64
		{1D85756D-CD52-4E66-8535-4F3B59BC0183}.Release|x86.ActiveCfg = Release|Any CPU
		{96F33D1A-F382-453A-B647-A2239C07168A}.Debug|Any CPU.ActiveCfg = Debug|Any CPU
		{96F33D1A-F382-453A-B647-A2239C07168A}.Debug|Any CPU.Build.0 = Debug|Any CPU
		{96F33D1A-F382-453A-B647-A2239C07168A}.Debug|Mixed Platforms.ActiveCfg = Debug|Any CPU
		{96F33D1A-F382-453A-B647-A2239C07168A}.Debug|Mixed Platforms.Build.0 = Debug|Any CPU
		{96F33D1A-F382-453A-B647-A2239C07168A}.Debug|x64.ActiveCfg = Debug|x64
		{96F33D1A-F382-453A-B647-A2239C07168A}.Debug|x64.Build.0 = Debug|x64
		{96F33D1A-F382-453A-B647-A2239C07168A}.Debug|x86.ActiveCfg = Debug|Any CPU
		{96F33D1A-F382-453A-B647-A2239C07168A}.Development|Any CPU.ActiveCfg = Development|Any CPU
		{96F33D1A-F382-453A-B647-A2239C07168A}.Development|Any CPU.Build.0 = Development|Any CPU
		{96F33D1A-F382-453A-B647-A2239C07168A}.Development|Mixed Platforms.ActiveCfg = Development|Any CPU
		{96F33D1A-F382-453A-B647-A2239C07168A}.Development|Mixed Platforms.Build.0 = Development|Any CPU
		{96F33D1A-F382-453A-B647-A2239C07168A}.Development|x64.ActiveCfg = Development|x64
		{96F33D1A-F382-453A-B647-A2239C07168A}.Development|x64.Build.0 = Development|x64
		{96F33D1A-F382-453A-B647-A2239C07168A}.Development|x86.ActiveCfg = Development|Any CPU
		{96F33D1A-F382-453A-B647-A2239C07168A}.Development|x86.Build.0 = Development|Any CPU
		{96F33D1A-F382-453A-B647-A2239C07168A}.EnovaApiTest|Any CPU.ActiveCfg = EnovaApiTest|Any CPU
		{96F33D1A-F382-453A-B647-A2239C07168A}.EnovaApiTest|Mixed Platforms.ActiveCfg = EnovaApiTest|Any CPU
		{96F33D1A-F382-453A-B647-A2239C07168A}.EnovaApiTest|Mixed Platforms.Build.0 = EnovaApiTest|Any CPU
		{96F33D1A-F382-453A-B647-A2239C07168A}.EnovaApiTest|x64.ActiveCfg = EnovaApiTest|x64
		{96F33D1A-F382-453A-B647-A2239C07168A}.EnovaApiTest|x64.Build.0 = EnovaApiTest|x64
		{96F33D1A-F382-453A-B647-A2239C07168A}.EnovaApiTest|x86.ActiveCfg = EnovaApiTest|Any CPU
		{96F33D1A-F382-453A-B647-A2239C07168A}.Release|Any CPU.ActiveCfg = Release|Any CPU
		{96F33D1A-F382-453A-B647-A2239C07168A}.Release|Any CPU.Build.0 = Release|Any CPU
		{96F33D1A-F382-453A-B647-A2239C07168A}.Release|Mixed Platforms.ActiveCfg = Release|Any CPU
		{96F33D1A-F382-453A-B647-A2239C07168A}.Release|Mixed Platforms.Build.0 = Release|Any CPU
		{96F33D1A-F382-453A-B647-A2239C07168A}.Release|x64.ActiveCfg = Release|x64
		{96F33D1A-F382-453A-B647-A2239C07168A}.Release|x64.Build.0 = Release|x64
		{96F33D1A-F382-453A-B647-A2239C07168A}.Release|x86.ActiveCfg = Release|Any CPU
		{F7E9636D-8F89-4946-B1DF-0B080A09D058}.Debug|Any CPU.ActiveCfg = Debug|Any CPU
		{F7E9636D-8F89-4946-B1DF-0B080A09D058}.Debug|Any CPU.Build.0 = Debug|Any CPU
		{F7E9636D-8F89-4946-B1DF-0B080A09D058}.Debug|Mixed Platforms.ActiveCfg = Debug|Any CPU
		{F7E9636D-8F89-4946-B1DF-0B080A09D058}.Debug|Mixed Platforms.Build.0 = Debug|Any CPU
		{F7E9636D-8F89-4946-B1DF-0B080A09D058}.Debug|x64.ActiveCfg = Debug|x64
		{F7E9636D-8F89-4946-B1DF-0B080A09D058}.Debug|x64.Build.0 = Debug|x64
		{F7E9636D-8F89-4946-B1DF-0B080A09D058}.Debug|x86.ActiveCfg = Debug|Any CPU
		{F7E9636D-8F89-4946-B1DF-0B080A09D058}.Development|Any CPU.ActiveCfg = Development|Any CPU
		{F7E9636D-8F89-4946-B1DF-0B080A09D058}.Development|Any CPU.Build.0 = Development|Any CPU
		{F7E9636D-8F89-4946-B1DF-0B080A09D058}.Development|Mixed Platforms.ActiveCfg = Development|Any CPU
		{F7E9636D-8F89-4946-B1DF-0B080A09D058}.Development|Mixed Platforms.Build.0 = Development|Any CPU
		{F7E9636D-8F89-4946-B1DF-0B080A09D058}.Development|x64.ActiveCfg = Development|x64
		{F7E9636D-8F89-4946-B1DF-0B080A09D058}.Development|x64.Build.0 = Development|x64
		{F7E9636D-8F89-4946-B1DF-0B080A09D058}.Development|x86.ActiveCfg = Development|Any CPU
		{F7E9636D-8F89-4946-B1DF-0B080A09D058}.Development|x86.Build.0 = Development|Any CPU
		{F7E9636D-8F89-4946-B1DF-0B080A09D058}.EnovaApiTest|Any CPU.ActiveCfg = EnovaApiTest|Any CPU
		{F7E9636D-8F89-4946-B1DF-0B080A09D058}.EnovaApiTest|Mixed Platforms.ActiveCfg = EnovaApiTest|Any CPU
		{F7E9636D-8F89-4946-B1DF-0B080A09D058}.EnovaApiTest|Mixed Platforms.Build.0 = EnovaApiTest|Any CPU
		{F7E9636D-8F89-4946-B1DF-0B080A09D058}.EnovaApiTest|x64.ActiveCfg = EnovaApiTest|x64
		{F7E9636D-8F89-4946-B1DF-0B080A09D058}.EnovaApiTest|x64.Build.0 = EnovaApiTest|x64
		{F7E9636D-8F89-4946-B1DF-0B080A09D058}.EnovaApiTest|x86.ActiveCfg = EnovaApiTest|Any CPU
		{F7E9636D-8F89-4946-B1DF-0B080A09D058}.Release|Any CPU.ActiveCfg = Release|Any CPU
		{F7E9636D-8F89-4946-B1DF-0B080A09D058}.Release|Any CPU.Build.0 = Release|Any CPU
		{F7E9636D-8F89-4946-B1DF-0B080A09D058}.Release|Mixed Platforms.ActiveCfg = Release|Any CPU
		{F7E9636D-8F89-4946-B1DF-0B080A09D058}.Release|Mixed Platforms.Build.0 = Release|Any CPU
		{F7E9636D-8F89-4946-B1DF-0B080A09D058}.Release|x64.ActiveCfg = Release|x64
		{F7E9636D-8F89-4946-B1DF-0B080A09D058}.Release|x64.Build.0 = Release|x64
		{F7E9636D-8F89-4946-B1DF-0B080A09D058}.Release|x86.ActiveCfg = Release|Any CPU
		{B8F7A741-ECB5-4BC7-9903-D8038700087C}.Debug|Any CPU.ActiveCfg = Debug|Any CPU
		{B8F7A741-ECB5-4BC7-9903-D8038700087C}.Debug|Any CPU.Build.0 = Debug|Any CPU
		{B8F7A741-ECB5-4BC7-9903-D8038700087C}.Debug|Mixed Platforms.ActiveCfg = Debug|Any CPU
		{B8F7A741-ECB5-4BC7-9903-D8038700087C}.Debug|Mixed Platforms.Build.0 = Debug|Any CPU
		{B8F7A741-ECB5-4BC7-9903-D8038700087C}.Debug|x64.ActiveCfg = Debug|x64
		{B8F7A741-ECB5-4BC7-9903-D8038700087C}.Debug|x64.Build.0 = Debug|x64
		{B8F7A741-ECB5-4BC7-9903-D8038700087C}.Debug|x86.ActiveCfg = Debug|Any CPU
		{B8F7A741-ECB5-4BC7-9903-D8038700087C}.Development|Any CPU.ActiveCfg = Development|Any CPU
		{B8F7A741-ECB5-4BC7-9903-D8038700087C}.Development|Any CPU.Build.0 = Development|Any CPU
		{B8F7A741-ECB5-4BC7-9903-D8038700087C}.Development|Mixed Platforms.ActiveCfg = Development|Any CPU
		{B8F7A741-ECB5-4BC7-9903-D8038700087C}.Development|Mixed Platforms.Build.0 = Development|Any CPU
		{B8F7A741-ECB5-4BC7-9903-D8038700087C}.Development|x64.ActiveCfg = Development|x64
		{B8F7A741-ECB5-4BC7-9903-D8038700087C}.Development|x64.Build.0 = Development|x64
		{B8F7A741-ECB5-4BC7-9903-D8038700087C}.Development|x86.ActiveCfg = Development|Any CPU
		{B8F7A741-ECB5-4BC7-9903-D8038700087C}.Development|x86.Build.0 = Development|Any CPU
		{B8F7A741-ECB5-4BC7-9903-D8038700087C}.EnovaApiTest|Any CPU.ActiveCfg = EnovaApiTest|Any CPU
		{B8F7A741-ECB5-4BC7-9903-D8038700087C}.EnovaApiTest|Mixed Platforms.ActiveCfg = EnovaApiTest|Any CPU
		{B8F7A741-ECB5-4BC7-9903-D8038700087C}.EnovaApiTest|Mixed Platforms.Build.0 = EnovaApiTest|Any CPU
		{B8F7A741-ECB5-4BC7-9903-D8038700087C}.EnovaApiTest|x64.ActiveCfg = EnovaApiTest|x64
		{B8F7A741-ECB5-4BC7-9903-D8038700087C}.EnovaApiTest|x64.Build.0 = EnovaApiTest|x64
		{B8F7A741-ECB5-4BC7-9903-D8038700087C}.EnovaApiTest|x86.ActiveCfg = EnovaApiTest|Any CPU
		{B8F7A741-ECB5-4BC7-9903-D8038700087C}.Release|Any CPU.ActiveCfg = Release|Any CPU
		{B8F7A741-ECB5-4BC7-9903-D8038700087C}.Release|Any CPU.Build.0 = Release|Any CPU
		{B8F7A741-ECB5-4BC7-9903-D8038700087C}.Release|Mixed Platforms.ActiveCfg = Release|Any CPU
		{B8F7A741-ECB5-4BC7-9903-D8038700087C}.Release|Mixed Platforms.Build.0 = Release|Any CPU
		{B8F7A741-ECB5-4BC7-9903-D8038700087C}.Release|x64.ActiveCfg = Release|x64
		{B8F7A741-ECB5-4BC7-9903-D8038700087C}.Release|x64.Build.0 = Release|x64
		{B8F7A741-ECB5-4BC7-9903-D8038700087C}.Release|x86.ActiveCfg = Release|Any CPU
		{3950B48F-EB91-4B4B-B1FE-6E95570ADA9B}.Debug|Any CPU.ActiveCfg = Debug|Any CPU
		{3950B48F-EB91-4B4B-B1FE-6E95570ADA9B}.Debug|Any CPU.Build.0 = Debug|Any CPU
		{3950B48F-EB91-4B4B-B1FE-6E95570ADA9B}.Debug|Mixed Platforms.ActiveCfg = Debug|Any CPU
		{3950B48F-EB91-4B4B-B1FE-6E95570ADA9B}.Debug|Mixed Platforms.Build.0 = Debug|Any CPU
		{3950B48F-EB91-4B4B-B1FE-6E95570ADA9B}.Debug|x64.ActiveCfg = Debug|x64
		{3950B48F-EB91-4B4B-B1FE-6E95570ADA9B}.Debug|x64.Build.0 = Debug|x64
		{3950B48F-EB91-4B4B-B1FE-6E95570ADA9B}.Debug|x86.ActiveCfg = Debug|Any CPU
		{3950B48F-EB91-4B4B-B1FE-6E95570ADA9B}.Development|Any CPU.ActiveCfg = Development|Any CPU
		{3950B48F-EB91-4B4B-B1FE-6E95570ADA9B}.Development|Any CPU.Build.0 = Development|Any CPU
		{3950B48F-EB91-4B4B-B1FE-6E95570ADA9B}.Development|Mixed Platforms.ActiveCfg = Development|Any CPU
		{3950B48F-EB91-4B4B-B1FE-6E95570ADA9B}.Development|Mixed Platforms.Build.0 = Development|Any CPU
		{3950B48F-EB91-4B4B-B1FE-6E95570ADA9B}.Development|x64.ActiveCfg = Development|x64
		{3950B48F-EB91-4B4B-B1FE-6E95570ADA9B}.Development|x64.Build.0 = Development|x64
		{3950B48F-EB91-4B4B-B1FE-6E95570ADA9B}.Development|x86.ActiveCfg = Development|Any CPU
		{3950B48F-EB91-4B4B-B1FE-6E95570ADA9B}.Development|x86.Build.0 = Development|Any CPU
		{3950B48F-EB91-4B4B-B1FE-6E95570ADA9B}.EnovaApiTest|Any CPU.ActiveCfg = EnovaApiTest|Any CPU
		{3950B48F-EB91-4B4B-B1FE-6E95570ADA9B}.EnovaApiTest|Mixed Platforms.ActiveCfg = EnovaApiTest|Any CPU
		{3950B48F-EB91-4B4B-B1FE-6E95570ADA9B}.EnovaApiTest|Mixed Platforms.Build.0 = EnovaApiTest|Any CPU
		{3950B48F-EB91-4B4B-B1FE-6E95570ADA9B}.EnovaApiTest|x64.ActiveCfg = EnovaApiTest|x64
		{3950B48F-EB91-4B4B-B1FE-6E95570ADA9B}.EnovaApiTest|x64.Build.0 = EnovaApiTest|x64
		{3950B48F-EB91-4B4B-B1FE-6E95570ADA9B}.EnovaApiTest|x86.ActiveCfg = EnovaApiTest|Any CPU
		{3950B48F-EB91-4B4B-B1FE-6E95570ADA9B}.Release|Any CPU.ActiveCfg = Release|Any CPU
		{3950B48F-EB91-4B4B-B1FE-6E95570ADA9B}.Release|Any CPU.Build.0 = Release|Any CPU
		{3950B48F-EB91-4B4B-B1FE-6E95570ADA9B}.Release|Mixed Platforms.ActiveCfg = Release|Any CPU
		{3950B48F-EB91-4B4B-B1FE-6E95570ADA9B}.Release|Mixed Platforms.Build.0 = Release|Any CPU
		{3950B48F-EB91-4B4B-B1FE-6E95570ADA9B}.Release|x64.ActiveCfg = Release|x64
		{3950B48F-EB91-4B4B-B1FE-6E95570ADA9B}.Release|x64.Build.0 = Release|x64
		{3950B48F-EB91-4B4B-B1FE-6E95570ADA9B}.Release|x86.ActiveCfg = Release|Any CPU
		{3F7A828A-5829-489D-8C4F-610AD188426C}.Debug|Any CPU.ActiveCfg = Debug|Any CPU
		{3F7A828A-5829-489D-8C4F-610AD188426C}.Debug|Any CPU.Build.0 = Debug|Any CPU
		{3F7A828A-5829-489D-8C4F-610AD188426C}.Debug|Mixed Platforms.ActiveCfg = Debug|Any CPU
		{3F7A828A-5829-489D-8C4F-610AD188426C}.Debug|Mixed Platforms.Build.0 = Debug|Any CPU
		{3F7A828A-5829-489D-8C4F-610AD188426C}.Debug|x64.ActiveCfg = Debug|x64
		{3F7A828A-5829-489D-8C4F-610AD188426C}.Debug|x64.Build.0 = Debug|x64
		{3F7A828A-5829-489D-8C4F-610AD188426C}.Debug|x86.ActiveCfg = Debug|Any CPU
		{3F7A828A-5829-489D-8C4F-610AD188426C}.Development|Any CPU.ActiveCfg = Development|Any CPU
		{3F7A828A-5829-489D-8C4F-610AD188426C}.Development|Any CPU.Build.0 = Development|Any CPU
		{3F7A828A-5829-489D-8C4F-610AD188426C}.Development|Mixed Platforms.ActiveCfg = Development|Any CPU
		{3F7A828A-5829-489D-8C4F-610AD188426C}.Development|Mixed Platforms.Build.0 = Development|Any CPU
		{3F7A828A-5829-489D-8C4F-610AD188426C}.Development|x64.ActiveCfg = Development|x64
		{3F7A828A-5829-489D-8C4F-610AD188426C}.Development|x64.Build.0 = Development|x64
		{3F7A828A-5829-489D-8C4F-610AD188426C}.Development|x86.ActiveCfg = Development|Any CPU
		{3F7A828A-5829-489D-8C4F-610AD188426C}.Development|x86.Build.0 = Development|Any CPU
		{3F7A828A-5829-489D-8C4F-610AD188426C}.EnovaApiTest|Any CPU.ActiveCfg = EnovaApiTest|Any CPU
		{3F7A828A-5829-489D-8C4F-610AD188426C}.EnovaApiTest|Mixed Platforms.ActiveCfg = EnovaApiTest|Any CPU
		{3F7A828A-5829-489D-8C4F-610AD188426C}.EnovaApiTest|Mixed Platforms.Build.0 = EnovaApiTest|Any CPU
		{3F7A828A-5829-489D-8C4F-610AD188426C}.EnovaApiTest|x64.ActiveCfg = EnovaApiTest|x64
		{3F7A828A-5829-489D-8C4F-610AD188426C}.EnovaApiTest|x64.Build.0 = EnovaApiTest|x64
		{3F7A828A-5829-489D-8C4F-610AD188426C}.EnovaApiTest|x86.ActiveCfg = EnovaApiTest|Any CPU
		{3F7A828A-5829-489D-8C4F-610AD188426C}.Release|Any CPU.ActiveCfg = Release|Any CPU
		{3F7A828A-5829-489D-8C4F-610AD188426C}.Release|Any CPU.Build.0 = Release|Any CPU
		{3F7A828A-5829-489D-8C4F-610AD188426C}.Release|Mixed Platforms.ActiveCfg = Release|Any CPU
		{3F7A828A-5829-489D-8C4F-610AD188426C}.Release|Mixed Platforms.Build.0 = Release|Any CPU
		{3F7A828A-5829-489D-8C4F-610AD188426C}.Release|x64.ActiveCfg = Release|x64
		{3F7A828A-5829-489D-8C4F-610AD188426C}.Release|x64.Build.0 = Release|x64
		{3F7A828A-5829-489D-8C4F-610AD188426C}.Release|x86.ActiveCfg = Release|Any CPU
		{B89A0739-C2BC-4960-92E8-F0AE023AAD7F}.Debug|Any CPU.ActiveCfg = Debug|Any CPU
		{B89A0739-C2BC-4960-92E8-F0AE023AAD7F}.Debug|Any CPU.Build.0 = Debug|Any CPU
		{B89A0739-C2BC-4960-92E8-F0AE023AAD7F}.Debug|Mixed Platforms.ActiveCfg = Debug|Any CPU
		{B89A0739-C2BC-4960-92E8-F0AE023AAD7F}.Debug|Mixed Platforms.Build.0 = Debug|Any CPU
		{B89A0739-C2BC-4960-92E8-F0AE023AAD7F}.Debug|x64.ActiveCfg = Debug|x64
		{B89A0739-C2BC-4960-92E8-F0AE023AAD7F}.Debug|x64.Build.0 = Debug|x64
		{B89A0739-C2BC-4960-92E8-F0AE023AAD7F}.Debug|x86.ActiveCfg = Debug|Any CPU
		{B89A0739-C2BC-4960-92E8-F0AE023AAD7F}.Development|Any CPU.ActiveCfg = Development|Any CPU
		{B89A0739-C2BC-4960-92E8-F0AE023AAD7F}.Development|Any CPU.Build.0 = Development|Any CPU
		{B89A0739-C2BC-4960-92E8-F0AE023AAD7F}.Development|Mixed Platforms.ActiveCfg = Development|Any CPU
		{B89A0739-C2BC-4960-92E8-F0AE023AAD7F}.Development|Mixed Platforms.Build.0 = Development|Any CPU
		{B89A0739-C2BC-4960-92E8-F0AE023AAD7F}.Development|x64.ActiveCfg = Development|x64
		{B89A0739-C2BC-4960-92E8-F0AE023AAD7F}.Development|x64.Build.0 = Development|x64
		{B89A0739-C2BC-4960-92E8-F0AE023AAD7F}.Development|x86.ActiveCfg = Development|Any CPU
		{B89A0739-C2BC-4960-92E8-F0AE023AAD7F}.Development|x86.Build.0 = Development|Any CPU
		{B89A0739-C2BC-4960-92E8-F0AE023AAD7F}.EnovaApiTest|Any CPU.ActiveCfg = EnovaApiTest|Any CPU
		{B89A0739-C2BC-4960-92E8-F0AE023AAD7F}.EnovaApiTest|Mixed Platforms.ActiveCfg = EnovaApiTest|Any CPU
		{B89A0739-C2BC-4960-92E8-F0AE023AAD7F}.EnovaApiTest|Mixed Platforms.Build.0 = EnovaApiTest|Any CPU
		{B89A0739-C2BC-4960-92E8-F0AE023AAD7F}.EnovaApiTest|x64.ActiveCfg = EnovaApiTest|x64
		{B89A0739-C2BC-4960-92E8-F0AE023AAD7F}.EnovaApiTest|x64.Build.0 = EnovaApiTest|x64
		{B89A0739-C2BC-4960-92E8-F0AE023AAD7F}.EnovaApiTest|x86.ActiveCfg = EnovaApiTest|Any CPU
		{B89A0739-C2BC-4960-92E8-F0AE023AAD7F}.Release|Any CPU.ActiveCfg = Release|Any CPU
		{B89A0739-C2BC-4960-92E8-F0AE023AAD7F}.Release|Any CPU.Build.0 = Release|Any CPU
		{B89A0739-C2BC-4960-92E8-F0AE023AAD7F}.Release|Mixed Platforms.ActiveCfg = Release|Any CPU
		{B89A0739-C2BC-4960-92E8-F0AE023AAD7F}.Release|Mixed Platforms.Build.0 = Release|Any CPU
		{B89A0739-C2BC-4960-92E8-F0AE023AAD7F}.Release|x64.ActiveCfg = Release|x64
		{B89A0739-C2BC-4960-92E8-F0AE023AAD7F}.Release|x64.Build.0 = Release|x64
		{B89A0739-C2BC-4960-92E8-F0AE023AAD7F}.Release|x86.ActiveCfg = Release|Any CPU
		{AE764200-CB59-4593-A98B-51CFABFFCF8D}.Debug|Any CPU.ActiveCfg = Debug|Any CPU
		{AE764200-CB59-4593-A98B-51CFABFFCF8D}.Debug|Any CPU.Build.0 = Debug|Any CPU
		{AE764200-CB59-4593-A98B-51CFABFFCF8D}.Debug|Mixed Platforms.ActiveCfg = Debug|Any CPU
		{AE764200-CB59-4593-A98B-51CFABFFCF8D}.Debug|Mixed Platforms.Build.0 = Debug|Any CPU
		{AE764200-CB59-4593-A98B-51CFABFFCF8D}.Debug|x64.ActiveCfg = Debug|x64
		{AE764200-CB59-4593-A98B-51CFABFFCF8D}.Debug|x64.Build.0 = Debug|x64
		{AE764200-CB59-4593-A98B-51CFABFFCF8D}.Debug|x86.ActiveCfg = Debug|Any CPU
		{AE764200-CB59-4593-A98B-51CFABFFCF8D}.Development|Any CPU.ActiveCfg = Development|Any CPU
		{AE764200-CB59-4593-A98B-51CFABFFCF8D}.Development|Any CPU.Build.0 = Development|Any CPU
		{AE764200-CB59-4593-A98B-51CFABFFCF8D}.Development|Mixed Platforms.ActiveCfg = Development|Any CPU
		{AE764200-CB59-4593-A98B-51CFABFFCF8D}.Development|Mixed Platforms.Build.0 = Development|Any CPU
		{AE764200-CB59-4593-A98B-51CFABFFCF8D}.Development|x64.ActiveCfg = Development|x64
		{AE764200-CB59-4593-A98B-51CFABFFCF8D}.Development|x64.Build.0 = Development|x64
		{AE764200-CB59-4593-A98B-51CFABFFCF8D}.Development|x86.ActiveCfg = Development|Any CPU
		{AE764200-CB59-4593-A98B-51CFABFFCF8D}.Development|x86.Build.0 = Development|Any CPU
		{AE764200-CB59-4593-A98B-51CFABFFCF8D}.EnovaApiTest|Any CPU.ActiveCfg = EnovaApiTest|Any CPU
		{AE764200-CB59-4593-A98B-51CFABFFCF8D}.EnovaApiTest|Mixed Platforms.ActiveCfg = EnovaApiTest|Any CPU
		{AE764200-CB59-4593-A98B-51CFABFFCF8D}.EnovaApiTest|Mixed Platforms.Build.0 = EnovaApiTest|Any CPU
		{AE764200-CB59-4593-A98B-51CFABFFCF8D}.EnovaApiTest|x64.ActiveCfg = EnovaApiTest|x64
		{AE764200-CB59-4593-A98B-51CFABFFCF8D}.EnovaApiTest|x64.Build.0 = EnovaApiTest|x64
		{AE764200-CB59-4593-A98B-51CFABFFCF8D}.EnovaApiTest|x86.ActiveCfg = EnovaApiTest|Any CPU
		{AE764200-CB59-4593-A98B-51CFABFFCF8D}.Release|Any CPU.ActiveCfg = Release|Any CPU
		{AE764200-CB59-4593-A98B-51CFABFFCF8D}.Release|Any CPU.Build.0 = Release|Any CPU
		{AE764200-CB59-4593-A98B-51CFABFFCF8D}.Release|Mixed Platforms.ActiveCfg = Release|Any CPU
		{AE764200-CB59-4593-A98B-51CFABFFCF8D}.Release|Mixed Platforms.Build.0 = Release|Any CPU
		{AE764200-CB59-4593-A98B-51CFABFFCF8D}.Release|x64.ActiveCfg = Release|x64
		{AE764200-CB59-4593-A98B-51CFABFFCF8D}.Release|x64.Build.0 = Release|x64
		{AE764200-CB59-4593-A98B-51CFABFFCF8D}.Release|x86.ActiveCfg = Release|Any CPU
		{6DA7B0A0-3B27-4B27-8FE6-57E0B668FB65}.Debug|Any CPU.ActiveCfg = Debug|Any CPU
		{6DA7B0A0-3B27-4B27-8FE6-57E0B668FB65}.Debug|Any CPU.Build.0 = Debug|Any CPU
		{6DA7B0A0-3B27-4B27-8FE6-57E0B668FB65}.Debug|Mixed Platforms.ActiveCfg = Debug|Any CPU
		{6DA7B0A0-3B27-4B27-8FE6-57E0B668FB65}.Debug|Mixed Platforms.Build.0 = Debug|Any CPU
		{6DA7B0A0-3B27-4B27-8FE6-57E0B668FB65}.Debug|x64.ActiveCfg = Debug|x64
		{6DA7B0A0-3B27-4B27-8FE6-57E0B668FB65}.Debug|x64.Build.0 = Debug|x64
		{6DA7B0A0-3B27-4B27-8FE6-57E0B668FB65}.Debug|x86.ActiveCfg = Debug|Any CPU
		{6DA7B0A0-3B27-4B27-8FE6-57E0B668FB65}.Development|Any CPU.ActiveCfg = Development|Any CPU
		{6DA7B0A0-3B27-4B27-8FE6-57E0B668FB65}.Development|Any CPU.Build.0 = Development|Any CPU
		{6DA7B0A0-3B27-4B27-8FE6-57E0B668FB65}.Development|Mixed Platforms.ActiveCfg = Development|Any CPU
		{6DA7B0A0-3B27-4B27-8FE6-57E0B668FB65}.Development|Mixed Platforms.Build.0 = Development|Any CPU
		{6DA7B0A0-3B27-4B27-8FE6-57E0B668FB65}.Development|x64.ActiveCfg = Development|x64
		{6DA7B0A0-3B27-4B27-8FE6-57E0B668FB65}.Development|x64.Build.0 = Development|x64
		{6DA7B0A0-3B27-4B27-8FE6-57E0B668FB65}.Development|x86.ActiveCfg = Development|Any CPU
		{6DA7B0A0-3B27-4B27-8FE6-57E0B668FB65}.Development|x86.Build.0 = Development|Any CPU
		{6DA7B0A0-3B27-4B27-8FE6-57E0B668FB65}.EnovaApiTest|Any CPU.ActiveCfg = EnovaApiTest|Any CPU
		{6DA7B0A0-3B27-4B27-8FE6-57E0B668FB65}.EnovaApiTest|Mixed Platforms.ActiveCfg = EnovaApiTest|Any CPU
		{6DA7B0A0-3B27-4B27-8FE6-57E0B668FB65}.EnovaApiTest|Mixed Platforms.Build.0 = EnovaApiTest|Any CPU
		{6DA7B0A0-3B27-4B27-8FE6-57E0B668FB65}.EnovaApiTest|x64.ActiveCfg = EnovaApiTest|x64
		{6DA7B0A0-3B27-4B27-8FE6-57E0B668FB65}.EnovaApiTest|x64.Build.0 = EnovaApiTest|x64
		{6DA7B0A0-3B27-4B27-8FE6-57E0B668FB65}.EnovaApiTest|x86.ActiveCfg = EnovaApiTest|Any CPU
		{6DA7B0A0-3B27-4B27-8FE6-57E0B668FB65}.Release|Any CPU.ActiveCfg = Release|Any CPU
		{6DA7B0A0-3B27-4B27-8FE6-57E0B668FB65}.Release|Any CPU.Build.0 = Release|Any CPU
		{6DA7B0A0-3B27-4B27-8FE6-57E0B668FB65}.Release|Mixed Platforms.ActiveCfg = Release|Any CPU
		{6DA7B0A0-3B27-4B27-8FE6-57E0B668FB65}.Release|Mixed Platforms.Build.0 = Release|Any CPU
		{6DA7B0A0-3B27-4B27-8FE6-57E0B668FB65}.Release|x64.ActiveCfg = Release|x64
		{6DA7B0A0-3B27-4B27-8FE6-57E0B668FB65}.Release|x64.Build.0 = Release|x64
		{6DA7B0A0-3B27-4B27-8FE6-57E0B668FB65}.Release|x86.ActiveCfg = Release|Any CPU
		{858D7FDD-5DBA-4EAE-A857-C3CFE2BA3496}.Debug|Any CPU.ActiveCfg = Debug|Any CPU
		{858D7FDD-5DBA-4EAE-A857-C3CFE2BA3496}.Debug|Any CPU.Build.0 = Debug|Any CPU
		{858D7FDD-5DBA-4EAE-A857-C3CFE2BA3496}.Debug|Mixed Platforms.ActiveCfg = Debug|Any CPU
		{858D7FDD-5DBA-4EAE-A857-C3CFE2BA3496}.Debug|Mixed Platforms.Build.0 = Debug|Any CPU
		{858D7FDD-5DBA-4EAE-A857-C3CFE2BA3496}.Debug|x64.ActiveCfg = Debug|x64
		{858D7FDD-5DBA-4EAE-A857-C3CFE2BA3496}.Debug|x64.Build.0 = Debug|x64
		{858D7FDD-5DBA-4EAE-A857-C3CFE2BA3496}.Debug|x86.ActiveCfg = Debug|Any CPU
		{858D7FDD-5DBA-4EAE-A857-C3CFE2BA3496}.Debug|x86.Build.0 = Debug|Any CPU
		{858D7FDD-5DBA-4EAE-A857-C3CFE2BA3496}.Development|Any CPU.ActiveCfg = Development|Any CPU
		{858D7FDD-5DBA-4EAE-A857-C3CFE2BA3496}.Development|Any CPU.Build.0 = Development|Any CPU
		{858D7FDD-5DBA-4EAE-A857-C3CFE2BA3496}.Development|Mixed Platforms.ActiveCfg = Development|Any CPU
		{858D7FDD-5DBA-4EAE-A857-C3CFE2BA3496}.Development|Mixed Platforms.Build.0 = Development|Any CPU
		{858D7FDD-5DBA-4EAE-A857-C3CFE2BA3496}.Development|x64.ActiveCfg = Development|x64
		{858D7FDD-5DBA-4EAE-A857-C3CFE2BA3496}.Development|x64.Build.0 = Development|x64
		{858D7FDD-5DBA-4EAE-A857-C3CFE2BA3496}.Development|x86.ActiveCfg = Development|Any CPU
		{858D7FDD-5DBA-4EAE-A857-C3CFE2BA3496}.Development|x86.Build.0 = Development|Any CPU
		{858D7FDD-5DBA-4EAE-A857-C3CFE2BA3496}.EnovaApiTest|Any CPU.ActiveCfg = EnovaApiTest|Any CPU
		{858D7FDD-5DBA-4EAE-A857-C3CFE2BA3496}.EnovaApiTest|Any CPU.Build.0 = EnovaApiTest|Any CPU
		{858D7FDD-5DBA-4EAE-A857-C3CFE2BA3496}.EnovaApiTest|Mixed Platforms.ActiveCfg = EnovaApiTest|Any CPU
		{858D7FDD-5DBA-4EAE-A857-C3CFE2BA3496}.EnovaApiTest|Mixed Platforms.Build.0 = EnovaApiTest|Any CPU
		{858D7FDD-5DBA-4EAE-A857-C3CFE2BA3496}.EnovaApiTest|x64.ActiveCfg = EnovaApiTest|x64
		{858D7FDD-5DBA-4EAE-A857-C3CFE2BA3496}.EnovaApiTest|x64.Build.0 = EnovaApiTest|x64
		{858D7FDD-5DBA-4EAE-A857-C3CFE2BA3496}.EnovaApiTest|x86.ActiveCfg = EnovaApiTest|Any CPU
		{858D7FDD-5DBA-4EAE-A857-C3CFE2BA3496}.EnovaApiTest|x86.Build.0 = EnovaApiTest|Any CPU
		{858D7FDD-5DBA-4EAE-A857-C3CFE2BA3496}.Release|Any CPU.ActiveCfg = Release|Any CPU
		{858D7FDD-5DBA-4EAE-A857-C3CFE2BA3496}.Release|Any CPU.Build.0 = Release|Any CPU
		{858D7FDD-5DBA-4EAE-A857-C3CFE2BA3496}.Release|Mixed Platforms.ActiveCfg = Release|Any CPU
		{858D7FDD-5DBA-4EAE-A857-C3CFE2BA3496}.Release|Mixed Platforms.Build.0 = Release|Any CPU
		{858D7FDD-5DBA-4EAE-A857-C3CFE2BA3496}.Release|x64.ActiveCfg = Release|x64
		{858D7FDD-5DBA-4EAE-A857-C3CFE2BA3496}.Release|x64.Build.0 = Release|x64
		{858D7FDD-5DBA-4EAE-A857-C3CFE2BA3496}.Release|x86.ActiveCfg = Release|Any CPU
		{858D7FDD-5DBA-4EAE-A857-C3CFE2BA3496}.Release|x86.Build.0 = Release|Any CPU
		{E356A448-002D-4E82-8238-F07153F8051E}.Debug|Any CPU.ActiveCfg = Debug|Any CPU
		{E356A448-002D-4E82-8238-F07153F8051E}.Debug|Any CPU.Build.0 = Debug|Any CPU
		{E356A448-002D-4E82-8238-F07153F8051E}.Debug|Mixed Platforms.ActiveCfg = Debug|Any CPU
		{E356A448-002D-4E82-8238-F07153F8051E}.Debug|Mixed Platforms.Build.0 = Debug|Any CPU
		{E356A448-002D-4E82-8238-F07153F8051E}.Debug|x64.ActiveCfg = Debug|x64
		{E356A448-002D-4E82-8238-F07153F8051E}.Debug|x64.Build.0 = Debug|x64
		{E356A448-002D-4E82-8238-F07153F8051E}.Debug|x86.ActiveCfg = Debug|Any CPU
		{E356A448-002D-4E82-8238-F07153F8051E}.Debug|x86.Build.0 = Debug|Any CPU
		{E356A448-002D-4E82-8238-F07153F8051E}.Development|Any CPU.ActiveCfg = Development|Any CPU
		{E356A448-002D-4E82-8238-F07153F8051E}.Development|Any CPU.Build.0 = Development|Any CPU
		{E356A448-002D-4E82-8238-F07153F8051E}.Development|Mixed Platforms.ActiveCfg = Development|Any CPU
		{E356A448-002D-4E82-8238-F07153F8051E}.Development|Mixed Platforms.Build.0 = Development|Any CPU
		{E356A448-002D-4E82-8238-F07153F8051E}.Development|x64.ActiveCfg = Development|x64
		{E356A448-002D-4E82-8238-F07153F8051E}.Development|x64.Build.0 = Development|x64
		{E356A448-002D-4E82-8238-F07153F8051E}.Development|x86.ActiveCfg = Development|Any CPU
		{E356A448-002D-4E82-8238-F07153F8051E}.Development|x86.Build.0 = Development|Any CPU
		{E356A448-002D-4E82-8238-F07153F8051E}.EnovaApiTest|Any CPU.ActiveCfg = Release|Any CPU
		{E356A448-002D-4E82-8238-F07153F8051E}.EnovaApiTest|Any CPU.Build.0 = Release|Any CPU
		{E356A448-002D-4E82-8238-F07153F8051E}.EnovaApiTest|Mixed Platforms.ActiveCfg = Release|Any CPU
		{E356A448-002D-4E82-8238-F07153F8051E}.EnovaApiTest|Mixed Platforms.Build.0 = Release|Any CPU
		{E356A448-002D-4E82-8238-F07153F8051E}.EnovaApiTest|x64.ActiveCfg = Release|x64
		{E356A448-002D-4E82-8238-F07153F8051E}.EnovaApiTest|x64.Build.0 = Release|x64
		{E356A448-002D-4E82-8238-F07153F8051E}.EnovaApiTest|x86.ActiveCfg = Release|Any CPU
		{E356A448-002D-4E82-8238-F07153F8051E}.EnovaApiTest|x86.Build.0 = Release|Any CPU
		{E356A448-002D-4E82-8238-F07153F8051E}.Release|Any CPU.ActiveCfg = Release|Any CPU
		{E356A448-002D-4E82-8238-F07153F8051E}.Release|Any CPU.Build.0 = Release|Any CPU
		{E356A448-002D-4E82-8238-F07153F8051E}.Release|Mixed Platforms.ActiveCfg = Release|Any CPU
		{E356A448-002D-4E82-8238-F07153F8051E}.Release|Mixed Platforms.Build.0 = Release|Any CPU
		{E356A448-002D-4E82-8238-F07153F8051E}.Release|x64.ActiveCfg = Release|x64
		{E356A448-002D-4E82-8238-F07153F8051E}.Release|x64.Build.0 = Release|x64
		{E356A448-002D-4E82-8238-F07153F8051E}.Release|x86.ActiveCfg = Release|Any CPU
		{E356A448-002D-4E82-8238-F07153F8051E}.Release|x86.Build.0 = Release|Any CPU
		{7FE136E6-B74D-4DA2-B898-D375B5D8ABB4}.Debug|Any CPU.ActiveCfg = Debug|Any CPU
		{7FE136E6-B74D-4DA2-B898-D375B5D8ABB4}.Debug|Any CPU.Build.0 = Debug|Any CPU
		{7FE136E6-B74D-4DA2-B898-D375B5D8ABB4}.Debug|Mixed Platforms.ActiveCfg = Debug|Any CPU
		{7FE136E6-B74D-4DA2-B898-D375B5D8ABB4}.Debug|Mixed Platforms.Build.0 = Debug|Any CPU
		{7FE136E6-B74D-4DA2-B898-D375B5D8ABB4}.Debug|x64.ActiveCfg = Debug|x64
		{7FE136E6-B74D-4DA2-B898-D375B5D8ABB4}.Debug|x64.Build.0 = Debug|x64
		{7FE136E6-B74D-4DA2-B898-D375B5D8ABB4}.Debug|x86.ActiveCfg = Debug|Any CPU
		{7FE136E6-B74D-4DA2-B898-D375B5D8ABB4}.Debug|x86.Build.0 = Debug|Any CPU
		{7FE136E6-B74D-4DA2-B898-D375B5D8ABB4}.Development|Any CPU.ActiveCfg = Development|Any CPU
		{7FE136E6-B74D-4DA2-B898-D375B5D8ABB4}.Development|Any CPU.Build.0 = Development|Any CPU
		{7FE136E6-B74D-4DA2-B898-D375B5D8ABB4}.Development|Mixed Platforms.ActiveCfg = Development|Any CPU
		{7FE136E6-B74D-4DA2-B898-D375B5D8ABB4}.Development|Mixed Platforms.Build.0 = Development|Any CPU
		{7FE136E6-B74D-4DA2-B898-D375B5D8ABB4}.Development|x64.ActiveCfg = Development|x64
		{7FE136E6-B74D-4DA2-B898-D375B5D8ABB4}.Development|x64.Build.0 = Development|x64
		{7FE136E6-B74D-4DA2-B898-D375B5D8ABB4}.Development|x86.ActiveCfg = Development|Any CPU
		{7FE136E6-B74D-4DA2-B898-D375B5D8ABB4}.Development|x86.Build.0 = Development|Any CPU
		{7FE136E6-B74D-4DA2-B898-D375B5D8ABB4}.EnovaApiTest|Any CPU.ActiveCfg = Release|Any CPU
		{7FE136E6-B74D-4DA2-B898-D375B5D8ABB4}.EnovaApiTest|Any CPU.Build.0 = Release|Any CPU
		{7FE136E6-B74D-4DA2-B898-D375B5D8ABB4}.EnovaApiTest|Mixed Platforms.ActiveCfg = Release|Any CPU
		{7FE136E6-B74D-4DA2-B898-D375B5D8ABB4}.EnovaApiTest|Mixed Platforms.Build.0 = Release|Any CPU
		{7FE136E6-B74D-4DA2-B898-D375B5D8ABB4}.EnovaApiTest|x64.ActiveCfg = Release|x64
		{7FE136E6-B74D-4DA2-B898-D375B5D8ABB4}.EnovaApiTest|x64.Build.0 = Release|x64
		{7FE136E6-B74D-4DA2-B898-D375B5D8ABB4}.EnovaApiTest|x86.ActiveCfg = Release|Any CPU
		{7FE136E6-B74D-4DA2-B898-D375B5D8ABB4}.EnovaApiTest|x86.Build.0 = Release|Any CPU
		{7FE136E6-B74D-4DA2-B898-D375B5D8ABB4}.Release|Any CPU.ActiveCfg = Release|Any CPU
		{7FE136E6-B74D-4DA2-B898-D375B5D8ABB4}.Release|Any CPU.Build.0 = Release|Any CPU
		{7FE136E6-B74D-4DA2-B898-D375B5D8ABB4}.Release|Mixed Platforms.ActiveCfg = Release|Any CPU
		{7FE136E6-B74D-4DA2-B898-D375B5D8ABB4}.Release|Mixed Platforms.Build.0 = Release|Any CPU
		{7FE136E6-B74D-4DA2-B898-D375B5D8ABB4}.Release|x64.ActiveCfg = Release|x64
		{7FE136E6-B74D-4DA2-B898-D375B5D8ABB4}.Release|x64.Build.0 = Release|x64
		{7FE136E6-B74D-4DA2-B898-D375B5D8ABB4}.Release|x86.ActiveCfg = Release|Any CPU
		{7FE136E6-B74D-4DA2-B898-D375B5D8ABB4}.Release|x86.Build.0 = Release|Any CPU
		{9A403BDC-22B2-4D1D-A4B5-255D75E3002A}.Debug|Any CPU.ActiveCfg = Debug|Any CPU
		{9A403BDC-22B2-4D1D-A4B5-255D75E3002A}.Debug|Any CPU.Build.0 = Debug|Any CPU
		{9A403BDC-22B2-4D1D-A4B5-255D75E3002A}.Debug|Mixed Platforms.ActiveCfg = Debug|Any CPU
		{9A403BDC-22B2-4D1D-A4B5-255D75E3002A}.Debug|Mixed Platforms.Build.0 = Debug|Any CPU
		{9A403BDC-22B2-4D1D-A4B5-255D75E3002A}.Debug|x64.ActiveCfg = Debug|x64
		{9A403BDC-22B2-4D1D-A4B5-255D75E3002A}.Debug|x64.Build.0 = Debug|x64
		{9A403BDC-22B2-4D1D-A4B5-255D75E3002A}.Debug|x86.ActiveCfg = Debug|Any CPU
		{9A403BDC-22B2-4D1D-A4B5-255D75E3002A}.Debug|x86.Build.0 = Debug|Any CPU
		{9A403BDC-22B2-4D1D-A4B5-255D75E3002A}.Development|Any CPU.ActiveCfg = Development|Any CPU
		{9A403BDC-22B2-4D1D-A4B5-255D75E3002A}.Development|Any CPU.Build.0 = Development|Any CPU
		{9A403BDC-22B2-4D1D-A4B5-255D75E3002A}.Development|Mixed Platforms.ActiveCfg = Development|Any CPU
		{9A403BDC-22B2-4D1D-A4B5-255D75E3002A}.Development|Mixed Platforms.Build.0 = Development|Any CPU
		{9A403BDC-22B2-4D1D-A4B5-255D75E3002A}.Development|x64.ActiveCfg = Development|x64
		{9A403BDC-22B2-4D1D-A4B5-255D75E3002A}.Development|x64.Build.0 = Development|x64
		{9A403BDC-22B2-4D1D-A4B5-255D75E3002A}.Development|x86.ActiveCfg = Development|Any CPU
		{9A403BDC-22B2-4D1D-A4B5-255D75E3002A}.Development|x86.Build.0 = Development|Any CPU
		{9A403BDC-22B2-4D1D-A4B5-255D75E3002A}.EnovaApiTest|Any CPU.ActiveCfg = Release|Any CPU
		{9A403BDC-22B2-4D1D-A4B5-255D75E3002A}.EnovaApiTest|Any CPU.Build.0 = Release|Any CPU
		{9A403BDC-22B2-4D1D-A4B5-255D75E3002A}.EnovaApiTest|Mixed Platforms.ActiveCfg = Release|Any CPU
		{9A403BDC-22B2-4D1D-A4B5-255D75E3002A}.EnovaApiTest|Mixed Platforms.Build.0 = Release|Any CPU
		{9A403BDC-22B2-4D1D-A4B5-255D75E3002A}.EnovaApiTest|x64.ActiveCfg = Release|x64
		{9A403BDC-22B2-4D1D-A4B5-255D75E3002A}.EnovaApiTest|x64.Build.0 = Release|x64
		{9A403BDC-22B2-4D1D-A4B5-255D75E3002A}.EnovaApiTest|x86.ActiveCfg = Release|Any CPU
		{9A403BDC-22B2-4D1D-A4B5-255D75E3002A}.EnovaApiTest|x86.Build.0 = Release|Any CPU
		{9A403BDC-22B2-4D1D-A4B5-255D75E3002A}.Release|Any CPU.ActiveCfg = Release|Any CPU
		{9A403BDC-22B2-4D1D-A4B5-255D75E3002A}.Release|Any CPU.Build.0 = Release|Any CPU
		{9A403BDC-22B2-4D1D-A4B5-255D75E3002A}.Release|Mixed Platforms.ActiveCfg = Release|Any CPU
		{9A403BDC-22B2-4D1D-A4B5-255D75E3002A}.Release|Mixed Platforms.Build.0 = Release|Any CPU
		{9A403BDC-22B2-4D1D-A4B5-255D75E3002A}.Release|x64.ActiveCfg = Release|x64
		{9A403BDC-22B2-4D1D-A4B5-255D75E3002A}.Release|x64.Build.0 = Release|x64
		{9A403BDC-22B2-4D1D-A4B5-255D75E3002A}.Release|x86.ActiveCfg = Release|Any CPU
		{9A403BDC-22B2-4D1D-A4B5-255D75E3002A}.Release|x86.Build.0 = Release|Any CPU
		{190505BD-83F7-4CC2-8D02-D07BCD5F05B9}.Debug|Any CPU.ActiveCfg = Debug|Any CPU
		{190505BD-83F7-4CC2-8D02-D07BCD5F05B9}.Debug|Any CPU.Build.0 = Debug|Any CPU
		{190505BD-83F7-4CC2-8D02-D07BCD5F05B9}.Debug|Mixed Platforms.ActiveCfg = Debug|Any CPU
		{190505BD-83F7-4CC2-8D02-D07BCD5F05B9}.Debug|Mixed Platforms.Build.0 = Debug|Any CPU
		{190505BD-83F7-4CC2-8D02-D07BCD5F05B9}.Debug|x64.ActiveCfg = Debug|Any CPU
		{190505BD-83F7-4CC2-8D02-D07BCD5F05B9}.Debug|x64.Build.0 = Debug|Any CPU
		{190505BD-83F7-4CC2-8D02-D07BCD5F05B9}.Debug|x86.ActiveCfg = Debug|Any CPU
		{190505BD-83F7-4CC2-8D02-D07BCD5F05B9}.Debug|x86.Build.0 = Debug|Any CPU
		{190505BD-83F7-4CC2-8D02-D07BCD5F05B9}.Development|Any CPU.ActiveCfg = Debug|Any CPU
		{190505BD-83F7-4CC2-8D02-D07BCD5F05B9}.Development|Any CPU.Build.0 = Debug|Any CPU
		{190505BD-83F7-4CC2-8D02-D07BCD5F05B9}.Development|Mixed Platforms.ActiveCfg = Debug|Any CPU
		{190505BD-83F7-4CC2-8D02-D07BCD5F05B9}.Development|Mixed Platforms.Build.0 = Debug|Any CPU
		{190505BD-83F7-4CC2-8D02-D07BCD5F05B9}.Development|x64.ActiveCfg = Debug|Any CPU
		{190505BD-83F7-4CC2-8D02-D07BCD5F05B9}.Development|x64.Build.0 = Debug|Any CPU
		{190505BD-83F7-4CC2-8D02-D07BCD5F05B9}.Development|x86.ActiveCfg = Debug|Any CPU
		{190505BD-83F7-4CC2-8D02-D07BCD5F05B9}.Development|x86.Build.0 = Debug|Any CPU
		{190505BD-83F7-4CC2-8D02-D07BCD5F05B9}.EnovaApiTest|Any CPU.ActiveCfg = EnovaApiTest|Any CPU
		{190505BD-83F7-4CC2-8D02-D07BCD5F05B9}.EnovaApiTest|Any CPU.Build.0 = EnovaApiTest|Any CPU
		{190505BD-83F7-4CC2-8D02-D07BCD5F05B9}.EnovaApiTest|Mixed Platforms.ActiveCfg = EnovaApiTest|Any CPU
		{190505BD-83F7-4CC2-8D02-D07BCD5F05B9}.EnovaApiTest|Mixed Platforms.Build.0 = EnovaApiTest|Any CPU
		{190505BD-83F7-4CC2-8D02-D07BCD5F05B9}.EnovaApiTest|x64.ActiveCfg = EnovaApiTest|Any CPU
		{190505BD-83F7-4CC2-8D02-D07BCD5F05B9}.EnovaApiTest|x64.Build.0 = EnovaApiTest|Any CPU
		{190505BD-83F7-4CC2-8D02-D07BCD5F05B9}.EnovaApiTest|x86.ActiveCfg = EnovaApiTest|Any CPU
		{190505BD-83F7-4CC2-8D02-D07BCD5F05B9}.EnovaApiTest|x86.Build.0 = EnovaApiTest|Any CPU
		{190505BD-83F7-4CC2-8D02-D07BCD5F05B9}.Release|Any CPU.ActiveCfg = Release|Any CPU
		{190505BD-83F7-4CC2-8D02-D07BCD5F05B9}.Release|Any CPU.Build.0 = Release|Any CPU
		{190505BD-83F7-4CC2-8D02-D07BCD5F05B9}.Release|Mixed Platforms.ActiveCfg = Release|Any CPU
		{190505BD-83F7-4CC2-8D02-D07BCD5F05B9}.Release|Mixed Platforms.Build.0 = Release|Any CPU
		{190505BD-83F7-4CC2-8D02-D07BCD5F05B9}.Release|x64.ActiveCfg = Release|Any CPU
		{190505BD-83F7-4CC2-8D02-D07BCD5F05B9}.Release|x64.Build.0 = Release|Any CPU
		{190505BD-83F7-4CC2-8D02-D07BCD5F05B9}.Release|x86.ActiveCfg = Release|Any CPU
		{190505BD-83F7-4CC2-8D02-D07BCD5F05B9}.Release|x86.Build.0 = Release|Any CPU
		{F0914654-3281-471F-8E2B-41C604E47142}.Debug|Any CPU.ActiveCfg = Debug|Any CPU
		{F0914654-3281-471F-8E2B-41C604E47142}.Debug|Any CPU.Build.0 = Debug|Any CPU
		{F0914654-3281-471F-8E2B-41C604E47142}.Debug|Mixed Platforms.ActiveCfg = Debug|Any CPU
		{F0914654-3281-471F-8E2B-41C604E47142}.Debug|Mixed Platforms.Build.0 = Debug|Any CPU
		{F0914654-3281-471F-8E2B-41C604E47142}.Debug|x64.ActiveCfg = Debug|Any CPU
		{F0914654-3281-471F-8E2B-41C604E47142}.Debug|x64.Build.0 = Debug|Any CPU
		{F0914654-3281-471F-8E2B-41C604E47142}.Debug|x86.ActiveCfg = Debug|Any CPU
		{F0914654-3281-471F-8E2B-41C604E47142}.Debug|x86.Build.0 = Debug|Any CPU
		{F0914654-3281-471F-8E2B-41C604E47142}.Development|Any CPU.ActiveCfg = Debug|Any CPU
		{F0914654-3281-471F-8E2B-41C604E47142}.Development|Any CPU.Build.0 = Debug|Any CPU
		{F0914654-3281-471F-8E2B-41C604E47142}.Development|Mixed Platforms.ActiveCfg = Debug|Any CPU
		{F0914654-3281-471F-8E2B-41C604E47142}.Development|Mixed Platforms.Build.0 = Debug|Any CPU
		{F0914654-3281-471F-8E2B-41C604E47142}.Development|x64.ActiveCfg = Debug|Any CPU
		{F0914654-3281-471F-8E2B-41C604E47142}.Development|x64.Build.0 = Debug|Any CPU
		{F0914654-3281-471F-8E2B-41C604E47142}.Development|x86.ActiveCfg = Debug|Any CPU
		{F0914654-3281-471F-8E2B-41C604E47142}.Development|x86.Build.0 = Debug|Any CPU
		{F0914654-3281-471F-8E2B-41C604E47142}.EnovaApiTest|Any CPU.ActiveCfg = EnovaApiTest|Any CPU
		{F0914654-3281-471F-8E2B-41C604E47142}.EnovaApiTest|Any CPU.Build.0 = EnovaApiTest|Any CPU
		{F0914654-3281-471F-8E2B-41C604E47142}.EnovaApiTest|Mixed Platforms.ActiveCfg = EnovaApiTest|Any CPU
		{F0914654-3281-471F-8E2B-41C604E47142}.EnovaApiTest|Mixed Platforms.Build.0 = EnovaApiTest|Any CPU
		{F0914654-3281-471F-8E2B-41C604E47142}.EnovaApiTest|x64.ActiveCfg = EnovaApiTest|Any CPU
		{F0914654-3281-471F-8E2B-41C604E47142}.EnovaApiTest|x64.Build.0 = EnovaApiTest|Any CPU
		{F0914654-3281-471F-8E2B-41C604E47142}.EnovaApiTest|x86.ActiveCfg = EnovaApiTest|Any CPU
		{F0914654-3281-471F-8E2B-41C604E47142}.EnovaApiTest|x86.Build.0 = EnovaApiTest|Any CPU
		{F0914654-3281-471F-8E2B-41C604E47142}.Release|Any CPU.ActiveCfg = Release|Any CPU
		{F0914654-3281-471F-8E2B-41C604E47142}.Release|Any CPU.Build.0 = Release|Any CPU
		{F0914654-3281-471F-8E2B-41C604E47142}.Release|Mixed Platforms.ActiveCfg = Release|Any CPU
		{F0914654-3281-471F-8E2B-41C604E47142}.Release|Mixed Platforms.Build.0 = Release|Any CPU
		{F0914654-3281-471F-8E2B-41C604E47142}.Release|x64.ActiveCfg = Release|Any CPU
		{F0914654-3281-471F-8E2B-41C604E47142}.Release|x64.Build.0 = Release|Any CPU
		{F0914654-3281-471F-8E2B-41C604E47142}.Release|x86.ActiveCfg = Release|Any CPU
		{F0914654-3281-471F-8E2B-41C604E47142}.Release|x86.Build.0 = Release|Any CPU
		{2D2ACF7A-744B-4EE4-84A6-1F1DEFC016CE}.Debug|Any CPU.ActiveCfg = Debug|Any CPU
		{2D2ACF7A-744B-4EE4-84A6-1F1DEFC016CE}.Debug|Any CPU.Build.0 = Debug|Any CPU
		{2D2ACF7A-744B-4EE4-84A6-1F1DEFC016CE}.Debug|Mixed Platforms.ActiveCfg = Debug|Any CPU
		{2D2ACF7A-744B-4EE4-84A6-1F1DEFC016CE}.Debug|Mixed Platforms.Build.0 = Debug|Any CPU
		{2D2ACF7A-744B-4EE4-84A6-1F1DEFC016CE}.Debug|x64.ActiveCfg = Debug|x64
		{2D2ACF7A-744B-4EE4-84A6-1F1DEFC016CE}.Debug|x64.Build.0 = Debug|x64
		{2D2ACF7A-744B-4EE4-84A6-1F1DEFC016CE}.Debug|x86.ActiveCfg = Debug|Any CPU
		{2D2ACF7A-744B-4EE4-84A6-1F1DEFC016CE}.Debug|x86.Build.0 = Debug|Any CPU
		{2D2ACF7A-744B-4EE4-84A6-1F1DEFC016CE}.Development|Any CPU.ActiveCfg = Development|Any CPU
		{2D2ACF7A-744B-4EE4-84A6-1F1DEFC016CE}.Development|Any CPU.Build.0 = Development|Any CPU
		{2D2ACF7A-744B-4EE4-84A6-1F1DEFC016CE}.Development|Mixed Platforms.ActiveCfg = Development|Any CPU
		{2D2ACF7A-744B-4EE4-84A6-1F1DEFC016CE}.Development|Mixed Platforms.Build.0 = Development|Any CPU
		{2D2ACF7A-744B-4EE4-84A6-1F1DEFC016CE}.Development|x64.ActiveCfg = Development|x64
		{2D2ACF7A-744B-4EE4-84A6-1F1DEFC016CE}.Development|x64.Build.0 = Development|x64
		{2D2ACF7A-744B-4EE4-84A6-1F1DEFC016CE}.Development|x86.ActiveCfg = Development|Any CPU
		{2D2ACF7A-744B-4EE4-84A6-1F1DEFC016CE}.Development|x86.Build.0 = Development|Any CPU
		{2D2ACF7A-744B-4EE4-84A6-1F1DEFC016CE}.EnovaApiTest|Any CPU.ActiveCfg = EnovaApiTest|Any CPU
		{2D2ACF7A-744B-4EE4-84A6-1F1DEFC016CE}.EnovaApiTest|Any CPU.Build.0 = EnovaApiTest|Any CPU
		{2D2ACF7A-744B-4EE4-84A6-1F1DEFC016CE}.EnovaApiTest|Mixed Platforms.ActiveCfg = EnovaApiTest|Any CPU
		{2D2ACF7A-744B-4EE4-84A6-1F1DEFC016CE}.EnovaApiTest|Mixed Platforms.Build.0 = EnovaApiTest|Any CPU
		{2D2ACF7A-744B-4EE4-84A6-1F1DEFC016CE}.EnovaApiTest|x64.ActiveCfg = EnovaApiTest|x64
		{2D2ACF7A-744B-4EE4-84A6-1F1DEFC016CE}.EnovaApiTest|x64.Build.0 = EnovaApiTest|x64
		{2D2ACF7A-744B-4EE4-84A6-1F1DEFC016CE}.EnovaApiTest|x86.ActiveCfg = EnovaApiTest|Any CPU
		{2D2ACF7A-744B-4EE4-84A6-1F1DEFC016CE}.EnovaApiTest|x86.Build.0 = EnovaApiTest|Any CPU
		{2D2ACF7A-744B-4EE4-84A6-1F1DEFC016CE}.Release|Any CPU.ActiveCfg = Release|Any CPU
		{2D2ACF7A-744B-4EE4-84A6-1F1DEFC016CE}.Release|Any CPU.Build.0 = Release|Any CPU
		{2D2ACF7A-744B-4EE4-84A6-1F1DEFC016CE}.Release|Mixed Platforms.ActiveCfg = Release|Any CPU
		{2D2ACF7A-744B-4EE4-84A6-1F1DEFC016CE}.Release|Mixed Platforms.Build.0 = Release|Any CPU
		{2D2ACF7A-744B-4EE4-84A6-1F1DEFC016CE}.Release|x64.ActiveCfg = Release|x64
		{2D2ACF7A-744B-4EE4-84A6-1F1DEFC016CE}.Release|x64.Build.0 = Release|x64
		{2D2ACF7A-744B-4EE4-84A6-1F1DEFC016CE}.Release|x86.ActiveCfg = Release|Any CPU
		{2D2ACF7A-744B-4EE4-84A6-1F1DEFC016CE}.Release|x86.Build.0 = Release|Any CPU
		{E5362565-3687-4094-89C1-BC28DDDBBDF3}.Debug|Any CPU.ActiveCfg = Debug|Any CPU
		{E5362565-3687-4094-89C1-BC28DDDBBDF3}.Debug|Any CPU.Build.0 = Debug|Any CPU
		{E5362565-3687-4094-89C1-BC28DDDBBDF3}.Debug|Mixed Platforms.ActiveCfg = Debug|Any CPU
		{E5362565-3687-4094-89C1-BC28DDDBBDF3}.Debug|Mixed Platforms.Build.0 = Debug|Any CPU
		{E5362565-3687-4094-89C1-BC28DDDBBDF3}.Debug|x64.ActiveCfg = Debug|x64
		{E5362565-3687-4094-89C1-BC28DDDBBDF3}.Debug|x64.Build.0 = Debug|x64
		{E5362565-3687-4094-89C1-BC28DDDBBDF3}.Debug|x86.ActiveCfg = Debug|Any CPU
		{E5362565-3687-4094-89C1-BC28DDDBBDF3}.Debug|x86.Build.0 = Debug|Any CPU
		{E5362565-3687-4094-89C1-BC28DDDBBDF3}.Development|Any CPU.ActiveCfg = Development|Any CPU
		{E5362565-3687-4094-89C1-BC28DDDBBDF3}.Development|Any CPU.Build.0 = Development|Any CPU
		{E5362565-3687-4094-89C1-BC28DDDBBDF3}.Development|Mixed Platforms.ActiveCfg = Development|Any CPU
		{E5362565-3687-4094-89C1-BC28DDDBBDF3}.Development|Mixed Platforms.Build.0 = Development|Any CPU
		{E5362565-3687-4094-89C1-BC28DDDBBDF3}.Development|x64.ActiveCfg = Development|x64
		{E5362565-3687-4094-89C1-BC28DDDBBDF3}.Development|x64.Build.0 = Development|x64
		{E5362565-3687-4094-89C1-BC28DDDBBDF3}.Development|x86.ActiveCfg = Development|Any CPU
		{E5362565-3687-4094-89C1-BC28DDDBBDF3}.Development|x86.Build.0 = Development|Any CPU
		{E5362565-3687-4094-89C1-BC28DDDBBDF3}.EnovaApiTest|Any CPU.ActiveCfg = EnovaApiTest|Any CPU
		{E5362565-3687-4094-89C1-BC28DDDBBDF3}.EnovaApiTest|Any CPU.Build.0 = EnovaApiTest|Any CPU
		{E5362565-3687-4094-89C1-BC28DDDBBDF3}.EnovaApiTest|Mixed Platforms.ActiveCfg = EnovaApiTest|Any CPU
		{E5362565-3687-4094-89C1-BC28DDDBBDF3}.EnovaApiTest|Mixed Platforms.Build.0 = EnovaApiTest|Any CPU
		{E5362565-3687-4094-89C1-BC28DDDBBDF3}.EnovaApiTest|x64.ActiveCfg = EnovaApiTest|x64
		{E5362565-3687-4094-89C1-BC28DDDBBDF3}.EnovaApiTest|x64.Build.0 = EnovaApiTest|x64
		{E5362565-3687-4094-89C1-BC28DDDBBDF3}.EnovaApiTest|x86.ActiveCfg = EnovaApiTest|Any CPU
		{E5362565-3687-4094-89C1-BC28DDDBBDF3}.EnovaApiTest|x86.Build.0 = EnovaApiTest|Any CPU
		{E5362565-3687-4094-89C1-BC28DDDBBDF3}.Release|Any CPU.ActiveCfg = Release|Any CPU
		{E5362565-3687-4094-89C1-BC28DDDBBDF3}.Release|Any CPU.Build.0 = Release|Any CPU
		{E5362565-3687-4094-89C1-BC28DDDBBDF3}.Release|Mixed Platforms.ActiveCfg = Release|Any CPU
		{E5362565-3687-4094-89C1-BC28DDDBBDF3}.Release|Mixed Platforms.Build.0 = Release|Any CPU
		{E5362565-3687-4094-89C1-BC28DDDBBDF3}.Release|x64.ActiveCfg = Release|x64
		{E5362565-3687-4094-89C1-BC28DDDBBDF3}.Release|x64.Build.0 = Release|x64
		{E5362565-3687-4094-89C1-BC28DDDBBDF3}.Release|x86.ActiveCfg = Release|Any CPU
		{E5362565-3687-4094-89C1-BC28DDDBBDF3}.Release|x86.Build.0 = Release|Any CPU
		{3A06F688-0E13-452A-923C-C0A3DFC5B200}.Debug|Any CPU.ActiveCfg = Debug|Any CPU
		{3A06F688-0E13-452A-923C-C0A3DFC5B200}.Debug|Any CPU.Build.0 = Debug|Any CPU
		{3A06F688-0E13-452A-923C-C0A3DFC5B200}.Debug|Mixed Platforms.ActiveCfg = Debug|Any CPU
		{3A06F688-0E13-452A-923C-C0A3DFC5B200}.Debug|Mixed Platforms.Build.0 = Debug|Any CPU
		{3A06F688-0E13-452A-923C-C0A3DFC5B200}.Debug|x64.ActiveCfg = Debug|x64
		{3A06F688-0E13-452A-923C-C0A3DFC5B200}.Debug|x64.Build.0 = Debug|x64
		{3A06F688-0E13-452A-923C-C0A3DFC5B200}.Debug|x86.ActiveCfg = Debug|Any CPU
		{3A06F688-0E13-452A-923C-C0A3DFC5B200}.Debug|x86.Build.0 = Debug|Any CPU
		{3A06F688-0E13-452A-923C-C0A3DFC5B200}.Development|Any CPU.ActiveCfg = Development|Any CPU
		{3A06F688-0E13-452A-923C-C0A3DFC5B200}.Development|Any CPU.Build.0 = Development|Any CPU
		{3A06F688-0E13-452A-923C-C0A3DFC5B200}.Development|Mixed Platforms.ActiveCfg = Development|Any CPU
		{3A06F688-0E13-452A-923C-C0A3DFC5B200}.Development|Mixed Platforms.Build.0 = Development|Any CPU
		{3A06F688-0E13-452A-923C-C0A3DFC5B200}.Development|x64.ActiveCfg = Development|x64
		{3A06F688-0E13-452A-923C-C0A3DFC5B200}.Development|x64.Build.0 = Development|x64
		{3A06F688-0E13-452A-923C-C0A3DFC5B200}.Development|x86.ActiveCfg = Development|Any CPU
		{3A06F688-0E13-452A-923C-C0A3DFC5B200}.Development|x86.Build.0 = Development|Any CPU
		{3A06F688-0E13-452A-923C-C0A3DFC5B200}.EnovaApiTest|Any CPU.ActiveCfg = EnovaApiTest|Any CPU
		{3A06F688-0E13-452A-923C-C0A3DFC5B200}.EnovaApiTest|Any CPU.Build.0 = EnovaApiTest|Any CPU
		{3A06F688-0E13-452A-923C-C0A3DFC5B200}.EnovaApiTest|Mixed Platforms.ActiveCfg = EnovaApiTest|Any CPU
		{3A06F688-0E13-452A-923C-C0A3DFC5B200}.EnovaApiTest|Mixed Platforms.Build.0 = EnovaApiTest|Any CPU
		{3A06F688-0E13-452A-923C-C0A3DFC5B200}.EnovaApiTest|x64.ActiveCfg = EnovaApiTest|x64
		{3A06F688-0E13-452A-923C-C0A3DFC5B200}.EnovaApiTest|x64.Build.0 = EnovaApiTest|x64
		{3A06F688-0E13-452A-923C-C0A3DFC5B200}.EnovaApiTest|x86.ActiveCfg = EnovaApiTest|Any CPU
		{3A06F688-0E13-452A-923C-C0A3DFC5B200}.EnovaApiTest|x86.Build.0 = EnovaApiTest|Any CPU
		{3A06F688-0E13-452A-923C-C0A3DFC5B200}.Release|Any CPU.ActiveCfg = Release|Any CPU
		{3A06F688-0E13-452A-923C-C0A3DFC5B200}.Release|Any CPU.Build.0 = Release|Any CPU
		{3A06F688-0E13-452A-923C-C0A3DFC5B200}.Release|Mixed Platforms.ActiveCfg = Release|Any CPU
		{3A06F688-0E13-452A-923C-C0A3DFC5B200}.Release|Mixed Platforms.Build.0 = Release|Any CPU
		{3A06F688-0E13-452A-923C-C0A3DFC5B200}.Release|x64.ActiveCfg = Release|x64
		{3A06F688-0E13-452A-923C-C0A3DFC5B200}.Release|x64.Build.0 = Release|x64
		{3A06F688-0E13-452A-923C-C0A3DFC5B200}.Release|x86.ActiveCfg = Release|Any CPU
		{3A06F688-0E13-452A-923C-C0A3DFC5B200}.Release|x86.Build.0 = Release|Any CPU
		{F2AB3A27-FB6F-499F-8672-BF53F6314459}.Debug|Any CPU.ActiveCfg = Debug|Any CPU
		{F2AB3A27-FB6F-499F-8672-BF53F6314459}.Debug|Any CPU.Build.0 = Debug|Any CPU
		{F2AB3A27-FB6F-499F-8672-BF53F6314459}.Debug|Mixed Platforms.ActiveCfg = Debug|Any CPU
		{F2AB3A27-FB6F-499F-8672-BF53F6314459}.Debug|Mixed Platforms.Build.0 = Debug|Any CPU
		{F2AB3A27-FB6F-499F-8672-BF53F6314459}.Debug|x64.ActiveCfg = Debug|Any CPU
		{F2AB3A27-FB6F-499F-8672-BF53F6314459}.Debug|x64.Build.0 = Debug|Any CPU
		{F2AB3A27-FB6F-499F-8672-BF53F6314459}.Debug|x86.ActiveCfg = Debug|Any CPU
		{F2AB3A27-FB6F-499F-8672-BF53F6314459}.Debug|x86.Build.0 = Debug|Any CPU
		{F2AB3A27-FB6F-499F-8672-BF53F6314459}.Development|Any CPU.ActiveCfg = Debug|Any CPU
		{F2AB3A27-FB6F-499F-8672-BF53F6314459}.Development|Any CPU.Build.0 = Debug|Any CPU
		{F2AB3A27-FB6F-499F-8672-BF53F6314459}.Development|Mixed Platforms.ActiveCfg = Debug|Any CPU
		{F2AB3A27-FB6F-499F-8672-BF53F6314459}.Development|Mixed Platforms.Build.0 = Debug|Any CPU
		{F2AB3A27-FB6F-499F-8672-BF53F6314459}.Development|x64.ActiveCfg = Debug|Any CPU
		{F2AB3A27-FB6F-499F-8672-BF53F6314459}.Development|x64.Build.0 = Debug|Any CPU
		{F2AB3A27-FB6F-499F-8672-BF53F6314459}.Development|x86.ActiveCfg = Debug|Any CPU
		{F2AB3A27-FB6F-499F-8672-BF53F6314459}.Development|x86.Build.0 = Debug|Any CPU
		{F2AB3A27-FB6F-499F-8672-BF53F6314459}.EnovaApiTest|Any CPU.ActiveCfg = Debug|Any CPU
		{F2AB3A27-FB6F-499F-8672-BF53F6314459}.EnovaApiTest|Any CPU.Build.0 = Debug|Any CPU
		{F2AB3A27-FB6F-499F-8672-BF53F6314459}.EnovaApiTest|Mixed Platforms.ActiveCfg = Debug|Any CPU
		{F2AB3A27-FB6F-499F-8672-BF53F6314459}.EnovaApiTest|Mixed Platforms.Build.0 = Debug|Any CPU
		{F2AB3A27-FB6F-499F-8672-BF53F6314459}.EnovaApiTest|x64.ActiveCfg = Debug|Any CPU
		{F2AB3A27-FB6F-499F-8672-BF53F6314459}.EnovaApiTest|x64.Build.0 = Debug|Any CPU
		{F2AB3A27-FB6F-499F-8672-BF53F6314459}.EnovaApiTest|x86.ActiveCfg = Debug|Any CPU
		{F2AB3A27-FB6F-499F-8672-BF53F6314459}.EnovaApiTest|x86.Build.0 = Debug|Any CPU
		{F2AB3A27-FB6F-499F-8672-BF53F6314459}.Release|Any CPU.ActiveCfg = Release|Any CPU
		{F2AB3A27-FB6F-499F-8672-BF53F6314459}.Release|Any CPU.Build.0 = Release|Any CPU
		{F2AB3A27-FB6F-499F-8672-BF53F6314459}.Release|Mixed Platforms.ActiveCfg = Release|Any CPU
		{F2AB3A27-FB6F-499F-8672-BF53F6314459}.Release|Mixed Platforms.Build.0 = Release|Any CPU
		{F2AB3A27-FB6F-499F-8672-BF53F6314459}.Release|x64.ActiveCfg = Release|Any CPU
		{F2AB3A27-FB6F-499F-8672-BF53F6314459}.Release|x64.Build.0 = Release|Any CPU
		{F2AB3A27-FB6F-499F-8672-BF53F6314459}.Release|x86.ActiveCfg = Release|Any CPU
		{F2AB3A27-FB6F-499F-8672-BF53F6314459}.Release|x86.Build.0 = Release|Any CPU
		{F24F2BB1-E719-492E-87AE-254BEDB9A313}.Debug|Any CPU.ActiveCfg = Debug|Any CPU
		{F24F2BB1-E719-492E-87AE-254BEDB9A313}.Debug|Any CPU.Build.0 = Debug|Any CPU
		{F24F2BB1-E719-492E-87AE-254BEDB9A313}.Debug|Mixed Platforms.ActiveCfg = Debug|Any CPU
		{F24F2BB1-E719-492E-87AE-254BEDB9A313}.Debug|Mixed Platforms.Build.0 = Debug|Any CPU
		{F24F2BB1-E719-492E-87AE-254BEDB9A313}.Debug|x64.ActiveCfg = Debug|x64
		{F24F2BB1-E719-492E-87AE-254BEDB9A313}.Debug|x64.Build.0 = Debug|x64
		{F24F2BB1-E719-492E-87AE-254BEDB9A313}.Debug|x86.ActiveCfg = Debug|Any CPU
		{F24F2BB1-E719-492E-87AE-254BEDB9A313}.Debug|x86.Build.0 = Debug|Any CPU
		{F24F2BB1-E719-492E-87AE-254BEDB9A313}.Development|Any CPU.ActiveCfg = Debug|Any CPU
		{F24F2BB1-E719-492E-87AE-254BEDB9A313}.Development|Any CPU.Build.0 = Debug|Any CPU
		{F24F2BB1-E719-492E-87AE-254BEDB9A313}.Development|Mixed Platforms.ActiveCfg = Debug|Any CPU
		{F24F2BB1-E719-492E-87AE-254BEDB9A313}.Development|Mixed Platforms.Build.0 = Debug|Any CPU
		{F24F2BB1-E719-492E-87AE-254BEDB9A313}.Development|x64.ActiveCfg = Debug|x64
		{F24F2BB1-E719-492E-87AE-254BEDB9A313}.Development|x64.Build.0 = Debug|x64
		{F24F2BB1-E719-492E-87AE-254BEDB9A313}.Development|x86.ActiveCfg = Debug|Any CPU
		{F24F2BB1-E719-492E-87AE-254BEDB9A313}.Development|x86.Build.0 = Debug|Any CPU
		{F24F2BB1-E719-492E-87AE-254BEDB9A313}.EnovaApiTest|Any CPU.ActiveCfg = Release|Any CPU
		{F24F2BB1-E719-492E-87AE-254BEDB9A313}.EnovaApiTest|Any CPU.Build.0 = Release|Any CPU
		{F24F2BB1-E719-492E-87AE-254BEDB9A313}.EnovaApiTest|Mixed Platforms.ActiveCfg = Release|Any CPU
		{F24F2BB1-E719-492E-87AE-254BEDB9A313}.EnovaApiTest|Mixed Platforms.Build.0 = Release|Any CPU
		{F24F2BB1-E719-492E-87AE-254BEDB9A313}.EnovaApiTest|x64.ActiveCfg = Debug|x64
		{F24F2BB1-E719-492E-87AE-254BEDB9A313}.EnovaApiTest|x64.Build.0 = Debug|x64
		{F24F2BB1-E719-492E-87AE-254BEDB9A313}.EnovaApiTest|x86.ActiveCfg = Release|Any CPU
		{F24F2BB1-E719-492E-87AE-254BEDB9A313}.EnovaApiTest|x86.Build.0 = Release|Any CPU
		{F24F2BB1-E719-492E-87AE-254BEDB9A313}.Release|Any CPU.ActiveCfg = Release|Any CPU
		{F24F2BB1-E719-492E-87AE-254BEDB9A313}.Release|Any CPU.Build.0 = Release|Any CPU
		{F24F2BB1-E719-492E-87AE-254BEDB9A313}.Release|Mixed Platforms.ActiveCfg = Release|Any CPU
		{F24F2BB1-E719-492E-87AE-254BEDB9A313}.Release|Mixed Platforms.Build.0 = Release|Any CPU
		{F24F2BB1-E719-492E-87AE-254BEDB9A313}.Release|x64.ActiveCfg = Release|x64
		{F24F2BB1-E719-492E-87AE-254BEDB9A313}.Release|x64.Build.0 = Release|x64
		{F24F2BB1-E719-492E-87AE-254BEDB9A313}.Release|x86.ActiveCfg = Release|Any CPU
		{F24F2BB1-E719-492E-87AE-254BEDB9A313}.Release|x86.Build.0 = Release|Any CPU
	EndGlobalSection
	GlobalSection(SolutionProperties) = preSolution
		HideSolutionNode = FALSE
	EndGlobalSection
	GlobalSection(NestedProjects) = preSolution
		{F24F2BB1-E719-492E-87AE-254BEDB9A313} = {C97C3B33-B85C-4D38-B347-4B464B51BEBB}
	EndGlobalSection
	GlobalSection(ExtensibilityGlobals) = postSolution
		SolutionGuid = {B58F79F9-C6C2-40E9-932D-FD4372FE52C4}
	EndGlobalSection
	GlobalSection(SubversionScc) = preSolution
		Svn-Managed = True
		Manager = AnkhSVN - Subversion Support for Visual Studio
	EndGlobalSection
EndGlobal
